
Microsoft Visual Studio Solution File, Format Version 12.00
Project("{2150E333-8FDC-42A3-9474-1A3956D46DE8}") = "SharedKernel", "SharedKernel", "{E0387F40-EB30-46D1-8858-F6AAC9E6AA48}"
EndProject
Project("{2150E333-8FDC-42A3-9474-1A3956D46DE8}") = "Audiencias", "Audiencias", "{48983950-6EF6-4237-B1D5-58BB6EEB86C1}"
EndProject
Project("{2150E333-8FDC-42A3-9474-1A3956D46DE8}") = "API", "API", "{06AAA3CE-4606-44C2-8B5D-2079427EAB08}"
EndProject
Project("{2150E333-8FDC-42A3-9474-1A3956D46DE8}") = "Bitacoras", "Bitacoras", "{B94285CE-73E8-4F56-BCBD-F359734ED5A3}"
EndProject
Project("{2150E333-8FDC-42A3-9474-1A3956D46DE8}") = "1.Enterprise Business Rules", "1.Enterprise Business Rules", "{AF9EBC78-BCD3-42E7-9477-9E398DD192D0}"
EndProject
Project("{2150E333-8FDC-42A3-9474-1A3956D46DE8}") = "1.Enterprise Business Rules", "1.Enterprise Business Rules", "{B15AE11F-B281-4B61-93C5-8C8EA8A2B29D}"
EndProject
Project("{FAE04EC0-301F-11D3-BF4B-00C04F79EFBC}") = "Sentir-Creativo-Backend.SharedKernel.Entities", "Sentir-Creativo-Backend.SharedKernel.Entities\Sentir-Creativo-Backend.SharedKernel.Entities.csproj", "{50C8E704-8DB3-4EE3-8386-F90FC65108EF}"
EndProject
Project("{FAE04EC0-301F-11D3-BF4B-00C04F79EFBC}") = "Sentir-Creativo-Backend.Bitacoras.Entities", "Sentir-Creativo-Backend.Bitacoras.Entities\Sentir-Creativo-Backend.Bitacoras.Entities.csproj", "{3E634CF6-2B6F-4DD7-ADA1-60DD8B97245D}"
EndProject
Project("{2150E333-8FDC-42A3-9474-1A3956D46DE8}") = "3.Interface Adapters", "3.Interface Adapters", "{BDEFCC45-C911-4A92-BC85-AA3E5C8763FA}"
EndProject
Project("{2150E333-8FDC-42A3-9474-1A3956D46DE8}") = "Gateways", "Gateways", "{EB92FFA6-385C-4579-AFDA-E9227D27CA15}"
EndProject
Project("{FAE04EC0-301F-11D3-BF4B-00C04F79EFBC}") = "Sentir-Creativo-Backend.SharedKernel.EFCore.Repositories", "Sentir-Creativo-Backend.SharedKernel.EFCore.Repositories\Sentir-Creativo-Backend.SharedKernel.EFCore.Repositories.csproj", "{A749634E-6728-45F9-86D0-5219367BACD8}"
EndProject
Project("{2150E333-8FDC-42A3-9474-1A3956D46DE8}") = "Repositories", "Repositories", "{64CE0018-FE33-4DD0-A00E-24FF36AEA850}"
EndProject
Project("{2150E333-8FDC-42A3-9474-1A3956D46DE8}") = "3.Interface Adapters", "3.Interface Adapters", "{CF8030C1-8B50-453A-83AC-B6813CF03A05}"
EndProject
Project("{2150E333-8FDC-42A3-9474-1A3956D46DE8}") = "Gateways", "Gateways", "{B745778A-0A0A-4BA0-A183-53179454AD51}"
EndProject
Project("{2150E333-8FDC-42A3-9474-1A3956D46DE8}") = "Repositories", "Repositories", "{7D3DDA72-38DB-435C-A914-09E398A665DF}"
EndProject
Project("{FAE04EC0-301F-11D3-BF4B-00C04F79EFBC}") = "Sentir-Creativo-Backend.Bitacoras.EFCore.Repositories", "Sentir-Creativo-Backend.Bitacoras.EFCore.Repositories\Sentir-Creativo-Backend.Bitacoras.EFCore.Repositories.csproj", "{85B8A41D-3844-4B6B-97AC-2768BEC7B758}"
EndProject
Project("{2150E333-8FDC-42A3-9474-1A3956D46DE8}") = "1.Enterprise Business Rules", "1.Enterprise Business Rules", "{2007B2F3-C131-4A21-A884-46840922FAD2}"
EndProject
Project("{FAE04EC0-301F-11D3-BF4B-00C04F79EFBC}") = "Sentir-Creativo-Backend.Audiencias.Entities", "Sentir-Creativo-Backend.Audiencias.Entities\Sentir-Creativo-Backend.Audiencias.Entities.csproj", "{E3D7D325-C338-4973-945B-279EE39FC3FC}"
EndProject
Project("{2150E333-8FDC-42A3-9474-1A3956D46DE8}") = "3.Interface Adapters", "3.Interface Adapters", "{7D453E37-F3F0-49F5-9F2D-DDD757A736AC}"
EndProject
Project("{2150E333-8FDC-42A3-9474-1A3956D46DE8}") = "Gateways", "Gateways", "{B3EBC79A-CAC7-4FF0-A6D1-84D566E82798}"
EndProject
Project("{2150E333-8FDC-42A3-9474-1A3956D46DE8}") = "Repositories", "Repositories", "{6FAEBCD4-123E-4438-981B-8DFB895C5699}"
EndProject
Project("{FAE04EC0-301F-11D3-BF4B-00C04F79EFBC}") = "Sentir-Creativo-Backend.Audiencias.EFCore.Repositories", "Sentir-Creativo-Backend.Audiencias.EFCore.Repositories\Sentir-Creativo-Backend.Audiencias.EFCore.Repositories.csproj", "{377BB1AC-D57E-42B6-BE5F-6FC0AEEBE367}"
EndProject
Project("{2150E333-8FDC-42A3-9474-1A3956D46DE8}") = "2.Application Business Rules", "2.Application Business Rules", "{ACE283F7-B3F2-499C-9CD9-C285D1B3201D}"
EndProject
Project("{FAE04EC0-301F-11D3-BF4B-00C04F79EFBC}") = "Sentir-Creativo-Backend.Audiencias.BusinessObject", "Sentir-Creativo-Backend.Audiencias.BusinessObject\Sentir-Creativo-Backend.Audiencias.BusinessObject.csproj", "{60BA05AC-9029-49A3-9788-3B688DDAB1B5}"
EndProject
Project("{FAE04EC0-301F-11D3-BF4B-00C04F79EFBC}") = "Sentir-Creativo-Backend.Audiencias.Controllers", "Sentir-Creativo-Backend.Audiencias.Controllers\Sentir-Creativo-Backend.Audiencias.Controllers.csproj", "{A9CEB138-BC7D-4E7F-BB36-A64FFCCA71DC}"
EndProject
Project("{FAE04EC0-301F-11D3-BF4B-00C04F79EFBC}") = "Sentir-Creativo-Backend.Audiencias.UseCases", "Sentir-Creativo-Backend.Audiencias.UseCases\Sentir-Creativo-Backend.Audiencias.UseCases.csproj", "{9CB6AE3F-F78E-4FD7-AE64-B8DB582B3CCE}"
EndProject
Project("{2150E333-8FDC-42A3-9474-1A3956D46DE8}") = "Presenters", "Presenters", "{D08BC864-9B01-4EEE-B0FB-0F92E5A7E6D9}"
EndProject
Project("{FAE04EC0-301F-11D3-BF4B-00C04F79EFBC}") = "Sentir-Creativo-Backend.Audiencias.Presenters", "Sentir-Creativo-Backend.Audiencias.Presenters\Sentir-Creativo-Backend.Audiencias.Presenters.csproj", "{55F1A402-70A0-4693-99A4-23EC9C1E5DA0}"
EndProject
Project("{2150E333-8FDC-42A3-9474-1A3956D46DE8}") = "Controllers", "Controllers", "{4E1298E3-6D44-4E40-9A0F-EA4962DDB3D4}"
EndProject
Project("{FAE04EC0-301F-11D3-BF4B-00C04F79EFBC}") = "Sentir-Creativo-Backend.Audiencias.IoC", "Sentir-Creativo-Backend.Audiencias.IoC\Sentir-Creativo-Backend.Audiencias.IoC.csproj", "{3F5FD598-2DB3-4B9E-A866-AD16E010E847}"
EndProject
Project("{2150E333-8FDC-42A3-9474-1A3956D46DE8}") = "Src", "Src", "{FF98014D-E7A7-4469-A0EC-CBF9EE4AEABC}"
EndProject
Project("{FAE04EC0-301F-11D3-BF4B-00C04F79EFBC}") = "Sentir-Creativo-Backend.WebApi", "Sentir-Creativo-Backend.WebApi\Sentir-Creativo-Backend.WebApi.csproj", "{DA84701B-4EDC-49CE-AC3A-6A3B0C35D1C7}"
EndProject
Project("{FAE04EC0-301F-11D3-BF4B-00C04F79EFBC}") = "Sentir-Creativo-Backend.SharedKernel.IoC", "Sentir-Creativo-Backend.SharedKernel.IoC\Sentir-Creativo-Backend.SharedKernel.IoC.csproj", "{C34EA67D-2BF2-49F6-9405-4843889D73E8}"
EndProject
Project("{2150E333-8FDC-42A3-9474-1A3956D46DE8}") = "CuponDescuentos", "CuponDescuentos", "{0AEB40FB-793C-4B3B-BEF8-916679F81A80}"
EndProject
Project("{2150E333-8FDC-42A3-9474-1A3956D46DE8}") = "1.Enterprise Business Rules", "1.Enterprise Business Rules", "{5C08F73B-2255-487A-A260-2E2746BD31CD}"
EndProject
Project("{FAE04EC0-301F-11D3-BF4B-00C04F79EFBC}") = "Sentir-Creativo-Backend.CuponDescuentos.Entities", "Sentir-Creativo-Backend.CuponDescuentos.Entities\Sentir-Creativo-Backend.CuponDescuentos.Entities.csproj", "{06125562-7EF3-4C35-96D8-3CC1E4B12FE1}"
EndProject
Project("{2150E333-8FDC-42A3-9474-1A3956D46DE8}") = "3.Interface Adapters", "3.Interface Adapters", "{289DC9B0-057A-4990-9F7C-C2D554897B00}"
EndProject
Project("{2150E333-8FDC-42A3-9474-1A3956D46DE8}") = "Gateways", "Gateways", "{BCFA4F9F-C061-4F5E-9D1F-131C15581291}"
EndProject
Project("{2150E333-8FDC-42A3-9474-1A3956D46DE8}") = "Repositories", "Repositories", "{5F0418CC-51C1-44F4-A87F-02F290456579}"
EndProject
Project("{FAE04EC0-301F-11D3-BF4B-00C04F79EFBC}") = "Sentir-Creativo-Backend.CuponDescuentos.EFCore.Repositories", "Sentir-Creativo-Backend.CuponDescuentos.EFCore.Repositories\Sentir-Creativo-Backend.CuponDescuentos.EFCore.Repositories.csproj", "{2AFDBE70-699F-4D62-993F-A768CA4B9A08}"
EndProject
Global
	GlobalSection(SolutionConfigurationPlatforms) = preSolution
		Debug|Any CPU = Debug|Any CPU
		Release|Any CPU = Release|Any CPU
	EndGlobalSection
	GlobalSection(ProjectConfigurationPlatforms) = postSolution
		{50C8E704-8DB3-4EE3-8386-F90FC65108EF}.Debug|Any CPU.ActiveCfg = Debug|Any CPU
		{50C8E704-8DB3-4EE3-8386-F90FC65108EF}.Debug|Any CPU.Build.0 = Debug|Any CPU
		{50C8E704-8DB3-4EE3-8386-F90FC65108EF}.Release|Any CPU.ActiveCfg = Release|Any CPU
		{50C8E704-8DB3-4EE3-8386-F90FC65108EF}.Release|Any CPU.Build.0 = Release|Any CPU
		{3E634CF6-2B6F-4DD7-ADA1-60DD8B97245D}.Debug|Any CPU.ActiveCfg = Debug|Any CPU
		{3E634CF6-2B6F-4DD7-ADA1-60DD8B97245D}.Debug|Any CPU.Build.0 = Debug|Any CPU
		{3E634CF6-2B6F-4DD7-ADA1-60DD8B97245D}.Release|Any CPU.ActiveCfg = Release|Any CPU
		{3E634CF6-2B6F-4DD7-ADA1-60DD8B97245D}.Release|Any CPU.Build.0 = Release|Any CPU
		{A749634E-6728-45F9-86D0-5219367BACD8}.Debug|Any CPU.ActiveCfg = Debug|Any CPU
		{A749634E-6728-45F9-86D0-5219367BACD8}.Debug|Any CPU.Build.0 = Debug|Any CPU
		{A749634E-6728-45F9-86D0-5219367BACD8}.Release|Any CPU.ActiveCfg = Release|Any CPU
		{A749634E-6728-45F9-86D0-5219367BACD8}.Release|Any CPU.Build.0 = Release|Any CPU
		{85B8A41D-3844-4B6B-97AC-2768BEC7B758}.Debug|Any CPU.ActiveCfg = Debug|Any CPU
		{85B8A41D-3844-4B6B-97AC-2768BEC7B758}.Debug|Any CPU.Build.0 = Debug|Any CPU
		{85B8A41D-3844-4B6B-97AC-2768BEC7B758}.Release|Any CPU.ActiveCfg = Release|Any CPU
		{85B8A41D-3844-4B6B-97AC-2768BEC7B758}.Release|Any CPU.Build.0 = Release|Any CPU
		{E3D7D325-C338-4973-945B-279EE39FC3FC}.Debug|Any CPU.ActiveCfg = Debug|Any CPU
		{E3D7D325-C338-4973-945B-279EE39FC3FC}.Debug|Any CPU.Build.0 = Debug|Any CPU
		{E3D7D325-C338-4973-945B-279EE39FC3FC}.Release|Any CPU.ActiveCfg = Release|Any CPU
		{E3D7D325-C338-4973-945B-279EE39FC3FC}.Release|Any CPU.Build.0 = Release|Any CPU
		{377BB1AC-D57E-42B6-BE5F-6FC0AEEBE367}.Debug|Any CPU.ActiveCfg = Debug|Any CPU
		{377BB1AC-D57E-42B6-BE5F-6FC0AEEBE367}.Debug|Any CPU.Build.0 = Debug|Any CPU
		{377BB1AC-D57E-42B6-BE5F-6FC0AEEBE367}.Release|Any CPU.ActiveCfg = Release|Any CPU
		{377BB1AC-D57E-42B6-BE5F-6FC0AEEBE367}.Release|Any CPU.Build.0 = Release|Any CPU
		{60BA05AC-9029-49A3-9788-3B688DDAB1B5}.Debug|Any CPU.ActiveCfg = Debug|Any CPU
		{60BA05AC-9029-49A3-9788-3B688DDAB1B5}.Debug|Any CPU.Build.0 = Debug|Any CPU
		{60BA05AC-9029-49A3-9788-3B688DDAB1B5}.Release|Any CPU.ActiveCfg = Release|Any CPU
		{60BA05AC-9029-49A3-9788-3B688DDAB1B5}.Release|Any CPU.Build.0 = Release|Any CPU
		{A9CEB138-BC7D-4E7F-BB36-A64FFCCA71DC}.Debug|Any CPU.ActiveCfg = Debug|Any CPU
		{A9CEB138-BC7D-4E7F-BB36-A64FFCCA71DC}.Debug|Any CPU.Build.0 = Debug|Any CPU
		{A9CEB138-BC7D-4E7F-BB36-A64FFCCA71DC}.Release|Any CPU.ActiveCfg = Release|Any CPU
		{A9CEB138-BC7D-4E7F-BB36-A64FFCCA71DC}.Release|Any CPU.Build.0 = Release|Any CPU
		{9CB6AE3F-F78E-4FD7-AE64-B8DB582B3CCE}.Debug|Any CPU.ActiveCfg = Debug|Any CPU
		{9CB6AE3F-F78E-4FD7-AE64-B8DB582B3CCE}.Debug|Any CPU.Build.0 = Debug|Any CPU
		{9CB6AE3F-F78E-4FD7-AE64-B8DB582B3CCE}.Release|Any CPU.ActiveCfg = Release|Any CPU
		{9CB6AE3F-F78E-4FD7-AE64-B8DB582B3CCE}.Release|Any CPU.Build.0 = Release|Any CPU
		{55F1A402-70A0-4693-99A4-23EC9C1E5DA0}.Debug|Any CPU.ActiveCfg = Debug|Any CPU
		{55F1A402-70A0-4693-99A4-23EC9C1E5DA0}.Debug|Any CPU.Build.0 = Debug|Any CPU
		{55F1A402-70A0-4693-99A4-23EC9C1E5DA0}.Release|Any CPU.ActiveCfg = Release|Any CPU
		{55F1A402-70A0-4693-99A4-23EC9C1E5DA0}.Release|Any CPU.Build.0 = Release|Any CPU
		{3F5FD598-2DB3-4B9E-A866-AD16E010E847}.Debug|Any CPU.ActiveCfg = Debug|Any CPU
		{3F5FD598-2DB3-4B9E-A866-AD16E010E847}.Debug|Any CPU.Build.0 = Debug|Any CPU
		{3F5FD598-2DB3-4B9E-A866-AD16E010E847}.Release|Any CPU.ActiveCfg = Release|Any CPU
		{3F5FD598-2DB3-4B9E-A866-AD16E010E847}.Release|Any CPU.Build.0 = Release|Any CPU
		{DA84701B-4EDC-49CE-AC3A-6A3B0C35D1C7}.Debug|Any CPU.ActiveCfg = Debug|Any CPU
		{DA84701B-4EDC-49CE-AC3A-6A3B0C35D1C7}.Debug|Any CPU.Build.0 = Debug|Any CPU
		{DA84701B-4EDC-49CE-AC3A-6A3B0C35D1C7}.Release|Any CPU.ActiveCfg = Release|Any CPU
		{DA84701B-4EDC-49CE-AC3A-6A3B0C35D1C7}.Release|Any CPU.Build.0 = Release|Any CPU
		{C34EA67D-2BF2-49F6-9405-4843889D73E8}.Debug|Any CPU.ActiveCfg = Debug|Any CPU
		{C34EA67D-2BF2-49F6-9405-4843889D73E8}.Debug|Any CPU.Build.0 = Debug|Any CPU
		{C34EA67D-2BF2-49F6-9405-4843889D73E8}.Release|Any CPU.ActiveCfg = Release|Any CPU
		{C34EA67D-2BF2-49F6-9405-4843889D73E8}.Release|Any CPU.Build.0 = Release|Any CPU
		{06125562-7EF3-4C35-96D8-3CC1E4B12FE1}.Debug|Any CPU.ActiveCfg = Debug|Any CPU
		{06125562-7EF3-4C35-96D8-3CC1E4B12FE1}.Debug|Any CPU.Build.0 = Debug|Any CPU
		{06125562-7EF3-4C35-96D8-3CC1E4B12FE1}.Release|Any CPU.ActiveCfg = Release|Any CPU
		{06125562-7EF3-4C35-96D8-3CC1E4B12FE1}.Release|Any CPU.Build.0 = Release|Any CPU
		{2AFDBE70-699F-4D62-993F-A768CA4B9A08}.Debug|Any CPU.ActiveCfg = Debug|Any CPU
		{2AFDBE70-699F-4D62-993F-A768CA4B9A08}.Debug|Any CPU.Build.0 = Debug|Any CPU
		{2AFDBE70-699F-4D62-993F-A768CA4B9A08}.Release|Any CPU.ActiveCfg = Release|Any CPU
		{2AFDBE70-699F-4D62-993F-A768CA4B9A08}.Release|Any CPU.Build.0 = Release|Any CPU
	EndGlobalSection
	GlobalSection(NestedProjects) = preSolution
		{AF9EBC78-BCD3-42E7-9477-9E398DD192D0} = {B94285CE-73E8-4F56-BCBD-F359734ED5A3}
		{B15AE11F-B281-4B61-93C5-8C8EA8A2B29D} = {E0387F40-EB30-46D1-8858-F6AAC9E6AA48}
		{50C8E704-8DB3-4EE3-8386-F90FC65108EF} = {B15AE11F-B281-4B61-93C5-8C8EA8A2B29D}
		{3E634CF6-2B6F-4DD7-ADA1-60DD8B97245D} = {AF9EBC78-BCD3-42E7-9477-9E398DD192D0}
		{BDEFCC45-C911-4A92-BC85-AA3E5C8763FA} = {E0387F40-EB30-46D1-8858-F6AAC9E6AA48}
		{EB92FFA6-385C-4579-AFDA-E9227D27CA15} = {BDEFCC45-C911-4A92-BC85-AA3E5C8763FA}
		{64CE0018-FE33-4DD0-A00E-24FF36AEA850} = {EB92FFA6-385C-4579-AFDA-E9227D27CA15}
		{A749634E-6728-45F9-86D0-5219367BACD8} = {64CE0018-FE33-4DD0-A00E-24FF36AEA850}
		{CF8030C1-8B50-453A-83AC-B6813CF03A05} = {B94285CE-73E8-4F56-BCBD-F359734ED5A3}
		{B745778A-0A0A-4BA0-A183-53179454AD51} = {CF8030C1-8B50-453A-83AC-B6813CF03A05}
		{7D3DDA72-38DB-435C-A914-09E398A665DF} = {B745778A-0A0A-4BA0-A183-53179454AD51}
		{85B8A41D-3844-4B6B-97AC-2768BEC7B758} = {7D3DDA72-38DB-435C-A914-09E398A665DF}
		{2007B2F3-C131-4A21-A884-46840922FAD2} = {48983950-6EF6-4237-B1D5-58BB6EEB86C1}
		{E3D7D325-C338-4973-945B-279EE39FC3FC} = {2007B2F3-C131-4A21-A884-46840922FAD2}
		{7D453E37-F3F0-49F5-9F2D-DDD757A736AC} = {48983950-6EF6-4237-B1D5-58BB6EEB86C1}
		{B3EBC79A-CAC7-4FF0-A6D1-84D566E82798} = {7D453E37-F3F0-49F5-9F2D-DDD757A736AC}
		{6FAEBCD4-123E-4438-981B-8DFB895C5699} = {B3EBC79A-CAC7-4FF0-A6D1-84D566E82798}
		{377BB1AC-D57E-42B6-BE5F-6FC0AEEBE367} = {6FAEBCD4-123E-4438-981B-8DFB895C5699}
		{ACE283F7-B3F2-499C-9CD9-C285D1B3201D} = {48983950-6EF6-4237-B1D5-58BB6EEB86C1}
		{60BA05AC-9029-49A3-9788-3B688DDAB1B5} = {ACE283F7-B3F2-499C-9CD9-C285D1B3201D}
		{9CB6AE3F-F78E-4FD7-AE64-B8DB582B3CCE} = {ACE283F7-B3F2-499C-9CD9-C285D1B3201D}
		{D08BC864-9B01-4EEE-B0FB-0F92E5A7E6D9} = {7D453E37-F3F0-49F5-9F2D-DDD757A736AC}
		{55F1A402-70A0-4693-99A4-23EC9C1E5DA0} = {D08BC864-9B01-4EEE-B0FB-0F92E5A7E6D9}
		{4E1298E3-6D44-4E40-9A0F-EA4962DDB3D4} = {7D453E37-F3F0-49F5-9F2D-DDD757A736AC}
		{A9CEB138-BC7D-4E7F-BB36-A64FFCCA71DC} = {4E1298E3-6D44-4E40-9A0F-EA4962DDB3D4}
		{3F5FD598-2DB3-4B9E-A866-AD16E010E847} = {7D453E37-F3F0-49F5-9F2D-DDD757A736AC}
		{E0387F40-EB30-46D1-8858-F6AAC9E6AA48} = {FF98014D-E7A7-4469-A0EC-CBF9EE4AEABC}
		{B94285CE-73E8-4F56-BCBD-F359734ED5A3} = {FF98014D-E7A7-4469-A0EC-CBF9EE4AEABC}
		{48983950-6EF6-4237-B1D5-58BB6EEB86C1} = {FF98014D-E7A7-4469-A0EC-CBF9EE4AEABC}
		{06AAA3CE-4606-44C2-8B5D-2079427EAB08} = {FF98014D-E7A7-4469-A0EC-CBF9EE4AEABC}
		{DA84701B-4EDC-49CE-AC3A-6A3B0C35D1C7} = {06AAA3CE-4606-44C2-8B5D-2079427EAB08}
		{C34EA67D-2BF2-49F6-9405-4843889D73E8} = {BDEFCC45-C911-4A92-BC85-AA3E5C8763FA}
		{0AEB40FB-793C-4B3B-BEF8-916679F81A80} = {FF98014D-E7A7-4469-A0EC-CBF9EE4AEABC}
		{5C08F73B-2255-487A-A260-2E2746BD31CD} = {0AEB40FB-793C-4B3B-BEF8-916679F81A80}
		{06125562-7EF3-4C35-96D8-3CC1E4B12FE1} = {5C08F73B-2255-487A-A260-2E2746BD31CD}
		{289DC9B0-057A-4990-9F7C-C2D554897B00} = {0AEB40FB-793C-4B3B-BEF8-916679F81A80}
		{BCFA4F9F-C061-4F5E-9D1F-131C15581291} = {289DC9B0-057A-4990-9F7C-C2D554897B00}
		{5F0418CC-51C1-44F4-A87F-02F290456579} = {BCFA4F9F-C061-4F5E-9D1F-131C15581291}
		{2AFDBE70-699F-4D62-993F-A768CA4B9A08} = {5F0418CC-51C1-44F4-A87F-02F290456579}
	EndGlobalSection
EndGlobal
