
Microsoft Visual Studio Solution File, Format Version 12.00
Project("{2150E333-8FDC-42A3-9474-1A3956D46DE8}") = "SharedKernel", "SharedKernel", "{E0387F40-EB30-46D1-8858-F6AAC9E6AA48}"
EndProject
Project("{2150E333-8FDC-42A3-9474-1A3956D46DE8}") = "Audiencias", "Audiencias", "{48983950-6EF6-4237-B1D5-58BB6EEB86C1}"
EndProject
Project("{2150E333-8FDC-42A3-9474-1A3956D46DE8}") = "API", "API", "{06AAA3CE-4606-44C2-8B5D-2079427EAB08}"
EndProject
Project("{2150E333-8FDC-42A3-9474-1A3956D46DE8}") = "Bitacoras", "Bitacoras", "{B94285CE-73E8-4F56-BCBD-F359734ED5A3}"
EndProject
Project("{2150E333-8FDC-42A3-9474-1A3956D46DE8}") = "1.Enterprise Business Rules", "1.Enterprise Business Rules", "{AF9EBC78-BCD3-42E7-9477-9E398DD192D0}"
EndProject
Project("{2150E333-8FDC-42A3-9474-1A3956D46DE8}") = "1.Enterprise Business Rules", "1.Enterprise Business Rules", "{B15AE11F-B281-4B61-93C5-8C8EA8A2B29D}"
EndProject
Project("{FAE04EC0-301F-11D3-BF4B-00C04F79EFBC}") = "Sentir-Creativo-Backend.SharedKernel.Entities", "Sentir-Creativo-Backend.SharedKernel.Entities\Sentir-Creativo-Backend.SharedKernel.Entities.csproj", "{50C8E704-8DB3-4EE3-8386-F90FC65108EF}"
EndProject
Project("{FAE04EC0-301F-11D3-BF4B-00C04F79EFBC}") = "Sentir-Creativo-Backend.Bitacoras.Entities", "Sentir-Creativo-Backend.Bitacoras.Entities\Sentir-Creativo-Backend.Bitacoras.Entities.csproj", "{3E634CF6-2B6F-4DD7-ADA1-60DD8B97245D}"
EndProject
Project("{2150E333-8FDC-42A3-9474-1A3956D46DE8}") = "3.Interface Adapters", "3.Interface Adapters", "{BDEFCC45-C911-4A92-BC85-AA3E5C8763FA}"
EndProject
Project("{2150E333-8FDC-42A3-9474-1A3956D46DE8}") = "Gateways", "Gateways", "{EB92FFA6-385C-4579-AFDA-E9227D27CA15}"
EndProject
Project("{FAE04EC0-301F-11D3-BF4B-00C04F79EFBC}") = "Sentir-Creativo-Backend.SharedKernel.EFCore.Repositories", "Sentir-Creativo-Backend.SharedKernel.EFCore.Repositories\Sentir-Creativo-Backend.SharedKernel.EFCore.Repositories.csproj", "{A749634E-6728-45F9-86D0-5219367BACD8}"
EndProject
Project("{2150E333-8FDC-42A3-9474-1A3956D46DE8}") = "Repositories", "Repositories", "{64CE0018-FE33-4DD0-A00E-24FF36AEA850}"
EndProject
Project("{2150E333-8FDC-42A3-9474-1A3956D46DE8}") = "3.Interface Adapters", "3.Interface Adapters", "{CF8030C1-8B50-453A-83AC-B6813CF03A05}"
EndProject
Project("{2150E333-8FDC-42A3-9474-1A3956D46DE8}") = "Gateways", "Gateways", "{B745778A-0A0A-4BA0-A183-53179454AD51}"
EndProject
Project("{2150E333-8FDC-42A3-9474-1A3956D46DE8}") = "Repositories", "Repositories", "{7D3DDA72-38DB-435C-A914-09E398A665DF}"
EndProject
Project("{FAE04EC0-301F-11D3-BF4B-00C04F79EFBC}") = "Sentir-Creativo-Backend.Bitacoras.EFCore.Repositories", "Sentir-Creativo-Backend.Bitacoras.EFCore.Repositories\Sentir-Creativo-Backend.Bitacoras.EFCore.Repositories.csproj", "{85B8A41D-3844-4B6B-97AC-2768BEC7B758}"
EndProject
Project("{2150E333-8FDC-42A3-9474-1A3956D46DE8}") = "1.Enterprise Business Rules", "1.Enterprise Business Rules", "{2007B2F3-C131-4A21-A884-46840922FAD2}"
EndProject
Project("{FAE04EC0-301F-11D3-BF4B-00C04F79EFBC}") = "Sentir-Creativo-Backend.Audiencias.Entities", "Sentir-Creativo-Backend.Audiencias.Entities\Sentir-Creativo-Backend.Audiencias.Entities.csproj", "{E3D7D325-C338-4973-945B-279EE39FC3FC}"
EndProject
Project("{2150E333-8FDC-42A3-9474-1A3956D46DE8}") = "3.Interface Adapters", "3.Interface Adapters", "{7D453E37-F3F0-49F5-9F2D-DDD757A736AC}"
EndProject
Project("{2150E333-8FDC-42A3-9474-1A3956D46DE8}") = "Gateways", "Gateways", "{B3EBC79A-CAC7-4FF0-A6D1-84D566E82798}"
EndProject
Project("{2150E333-8FDC-42A3-9474-1A3956D46DE8}") = "Repositories", "Repositories", "{6FAEBCD4-123E-4438-981B-8DFB895C5699}"
EndProject
Project("{FAE04EC0-301F-11D3-BF4B-00C04F79EFBC}") = "Sentir-Creativo-Backend.Audiencias.EFCore.Repositories", "Sentir-Creativo-Backend.Audiencias.EFCore.Repositories\Sentir-Creativo-Backend.Audiencias.EFCore.Repositories.csproj", "{377BB1AC-D57E-42B6-BE5F-6FC0AEEBE367}"
EndProject
Project("{2150E333-8FDC-42A3-9474-1A3956D46DE8}") = "2.Application Business Rules", "2.Application Business Rules", "{ACE283F7-B3F2-499C-9CD9-C285D1B3201D}"
EndProject
Project("{FAE04EC0-301F-11D3-BF4B-00C04F79EFBC}") = "Sentir-Creativo-Backend.Audiencias.BusinessObject", "Sentir-Creativo-Backend.Audiencias.BusinessObject\Sentir-Creativo-Backend.Audiencias.BusinessObject.csproj", "{60BA05AC-9029-49A3-9788-3B688DDAB1B5}"
EndProject
Project("{FAE04EC0-301F-11D3-BF4B-00C04F79EFBC}") = "Sentir-Creativo-Backend.Audiencias.Controllers", "Sentir-Creativo-Backend.Audiencias.Controllers\Sentir-Creativo-Backend.Audiencias.Controllers.csproj", "{A9CEB138-BC7D-4E7F-BB36-A64FFCCA71DC}"
EndProject
Project("{FAE04EC0-301F-11D3-BF4B-00C04F79EFBC}") = "Sentir-Creativo-Backend.Audiencias.UseCases", "Sentir-Creativo-Backend.Audiencias.UseCases\Sentir-Creativo-Backend.Audiencias.UseCases.csproj", "{9CB6AE3F-F78E-4FD7-AE64-B8DB582B3CCE}"
EndProject
Project("{2150E333-8FDC-42A3-9474-1A3956D46DE8}") = "Presenters", "Presenters", "{D08BC864-9B01-4EEE-B0FB-0F92E5A7E6D9}"
EndProject
Project("{FAE04EC0-301F-11D3-BF4B-00C04F79EFBC}") = "Sentir-Creativo-Backend.Audiencias.Presenters", "Sentir-Creativo-Backend.Audiencias.Presenters\Sentir-Creativo-Backend.Audiencias.Presenters.csproj", "{55F1A402-70A0-4693-99A4-23EC9C1E5DA0}"
EndProject
Project("{2150E333-8FDC-42A3-9474-1A3956D46DE8}") = "Controllers", "Controllers", "{4E1298E3-6D44-4E40-9A0F-EA4962DDB3D4}"
EndProject
Project("{FAE04EC0-301F-11D3-BF4B-00C04F79EFBC}") = "Sentir-Creativo-Backend.Audiencias.IoC", "Sentir-Creativo-Backend.Audiencias.IoC\Sentir-Creativo-Backend.Audiencias.IoC.csproj", "{3F5FD598-2DB3-4B9E-A866-AD16E010E847}"
EndProject
Project("{2150E333-8FDC-42A3-9474-1A3956D46DE8}") = "Src", "Src", "{FF98014D-E7A7-4469-A0EC-CBF9EE4AEABC}"
EndProject
Project("{FAE04EC0-301F-11D3-BF4B-00C04F79EFBC}") = "Sentir-Creativo-Backend.WebApi", "Sentir-Creativo-Backend.WebApi\Sentir-Creativo-Backend.WebApi.csproj", "{DA84701B-4EDC-49CE-AC3A-6A3B0C35D1C7}"
EndProject
Project("{FAE04EC0-301F-11D3-BF4B-00C04F79EFBC}") = "Sentir-Creativo-Backend.SharedKernel.IoC", "Sentir-Creativo-Backend.SharedKernel.IoC\Sentir-Creativo-Backend.SharedKernel.IoC.csproj", "{C34EA67D-2BF2-49F6-9405-4843889D73E8}"
EndProject
Project("{2150E333-8FDC-42A3-9474-1A3956D46DE8}") = "CuponDescuentos", "CuponDescuentos", "{0AEB40FB-793C-4B3B-BEF8-916679F81A80}"
EndProject
Project("{2150E333-8FDC-42A3-9474-1A3956D46DE8}") = "1.Enterprise Business Rules", "1.Enterprise Business Rules", "{5C08F73B-2255-487A-A260-2E2746BD31CD}"
EndProject
Project("{FAE04EC0-301F-11D3-BF4B-00C04F79EFBC}") = "Sentir-Creativo-Backend.CuponDescuentos.Entities", "Sentir-Creativo-Backend.CuponDescuentos.Entities\Sentir-Creativo-Backend.CuponDescuentos.Entities.csproj", "{06125562-7EF3-4C35-96D8-3CC1E4B12FE1}"
EndProject
Project("{2150E333-8FDC-42A3-9474-1A3956D46DE8}") = "3.Interface Adapters", "3.Interface Adapters", "{289DC9B0-057A-4990-9F7C-C2D554897B00}"
EndProject
Project("{2150E333-8FDC-42A3-9474-1A3956D46DE8}") = "Gateways", "Gateways", "{BCFA4F9F-C061-4F5E-9D1F-131C15581291}"
EndProject
Project("{2150E333-8FDC-42A3-9474-1A3956D46DE8}") = "Repositories", "Repositories", "{5F0418CC-51C1-44F4-A87F-02F290456579}"
EndProject
Project("{FAE04EC0-301F-11D3-BF4B-00C04F79EFBC}") = "Sentir-Creativo-Backend.CuponDescuentos.EFCore.Repositories", "Sentir-Creativo-Backend.CuponDescuentos.EFCore.Repositories\Sentir-Creativo-Backend.CuponDescuentos.EFCore.Repositories.csproj", "{2AFDBE70-699F-4D62-993F-A768CA4B9A08}"
EndProject
Project("{2150E333-8FDC-42A3-9474-1A3956D46DE8}") = "Archivos", "Archivos", "{7AD95F75-12BB-4FF4-B1A3-762D360271EB}"
EndProject
Project("{2150E333-8FDC-42A3-9474-1A3956D46DE8}") = "1.Enterprise Business Rules", "1.Enterprise Business Rules", "{7706C854-A9F9-402D-A52B-586DB7E6520B}"
EndProject
Project("{2150E333-8FDC-42A3-9474-1A3956D46DE8}") = "2.Application Business Rules", "2.Application Business Rules", "{766F8275-681F-4E67-94A6-B5E67BC870E1}"
EndProject
Project("{FAE04EC0-301F-11D3-BF4B-00C04F79EFBC}") = "Sentir-Creativo-Backend.Archivos.Entities", "Sentir-Creativo-Backend.Archivos.Entities\Sentir-Creativo-Backend.Archivos.Entities.csproj", "{A955D8C3-3153-4075-B8DF-5082B5DAEA31}"
EndProject
Project("{FAE04EC0-301F-11D3-BF4B-00C04F79EFBC}") = "Sentir-Creativo-Backend.Archivos.BusinessObject", "Sentir-Creativo-Backend.Archivos.BusinessObject\Sentir-Creativo-Backend.Archivos.BusinessObject.csproj", "{C3B2A417-155D-4AB0-9C30-D89E42D69648}"
EndProject
Project("{2150E333-8FDC-42A3-9474-1A3956D46DE8}") = "3. Interface Adapters", "3. Interface Adapters", "{0E2F324C-D5BF-499E-8B5D-48BE61AFA71D}"
EndProject
Project("{2150E333-8FDC-42A3-9474-1A3956D46DE8}") = "Gateways", "Gateways", "{539D3924-E31A-4B48-8F77-5DADD133DBC8}"
EndProject
Project("{2150E333-8FDC-42A3-9474-1A3956D46DE8}") = "Repositories", "Repositories", "{CF23F9B1-8956-4D6B-9672-5FDD6A2DC467}"
EndProject
Project("{FAE04EC0-301F-11D3-BF4B-00C04F79EFBC}") = "Sentir-Creativo-Backend.Archivos.EFCore.Repositories", "Sentir-Creativo-Backend.Archivos.EFCore.Repositories\Sentir-Creativo-Backend.Archivos.EFCore.Repositories.csproj", "{77F0AECC-9D30-45EE-B589-4D05349F1135}"
EndProject
Project("{2150E333-8FDC-42A3-9474-1A3956D46DE8}") = "Comentarios", "Comentarios", "{54CA7543-31DE-4B0D-A41F-44F663C1A391}"
EndProject
Project("{2150E333-8FDC-42A3-9474-1A3956D46DE8}") = "1.Enterprise Business Rules", "1.Enterprise Business Rules", "{D951945A-9F12-4D51-BDB8-07B5992D311A}"
EndProject
Project("{FAE04EC0-301F-11D3-BF4B-00C04F79EFBC}") = "Senitr-Creativo-Backend.Comentarios.Entities", "Senitr-Creativo-Backend.Comentarios.Entities\Senitr-Creativo-Backend.Comentarios.Entities.csproj", "{458113AA-4648-4E76-A954-0759043AF704}"
EndProject
Project("{2150E333-8FDC-42A3-9474-1A3956D46DE8}") = "3.Interface Adapters", "3.Interface Adapters", "{A1388E91-CC0E-4B4B-A65B-765408F22805}"
EndProject
Project("{2150E333-8FDC-42A3-9474-1A3956D46DE8}") = "Gateways", "Gateways", "{F691FDE7-9023-4038-9A79-5285C3E21769}"
EndProject
Project("{2150E333-8FDC-42A3-9474-1A3956D46DE8}") = "Repositories", "Repositories", "{F1FFB1A0-127C-4A0F-901C-D8273A6599A3}"
EndProject
Project("{FAE04EC0-301F-11D3-BF4B-00C04F79EFBC}") = "Sentir-Creativo-Backend.Comentarios.EFCore.Repositories", "Sentir-Creativo-Backend.Comentarios.EFCore.Repositories\Sentir-Creativo-Backend.Comentarios.EFCore.Repositories.csproj", "{3B6B1B84-3139-4C99-8BC7-B61F96DC180E}"
EndProject
Project("{2150E333-8FDC-42A3-9474-1A3956D46DE8}") = "PublicoObjetivos", "PublicoObjetivos", "{677C5B80-E55D-45B3-82AE-4BDFE7AB01F3}"
EndProject
Project("{2150E333-8FDC-42A3-9474-1A3956D46DE8}") = "1.Enterprise Business Rules", "1.Enterprise Business Rules", "{7D392963-3E6A-465C-B553-6E3680509903}"
EndProject
Project("{FAE04EC0-301F-11D3-BF4B-00C04F79EFBC}") = "Sentir-Creativo-Backend.PublicoObjetivos.Entities", "Sentir-Creativo-Backend.PublicoObjetivos.Entities\Sentir-Creativo-Backend.PublicoObjetivos.Entities.csproj", "{B3485699-881A-442F-8134-A5EC91398ABF}"
EndProject
Project("{2150E333-8FDC-42A3-9474-1A3956D46DE8}") = "3.Interface Adapters", "3.Interface Adapters", "{4841FD5D-4B33-4691-9D79-2212FC6110F5}"
EndProject
Project("{2150E333-8FDC-42A3-9474-1A3956D46DE8}") = "Gateways", "Gateways", "{F420788A-1A84-487D-8881-AD9B56E3D755}"
EndProject
Project("{2150E333-8FDC-42A3-9474-1A3956D46DE8}") = "Repositories", "Repositories", "{2A3AA778-D2B6-4355-B1AB-61C196F2FBB3}"
EndProject
Project("{FAE04EC0-301F-11D3-BF4B-00C04F79EFBC}") = "Sentir-Creativo-Backend.PublicoObjetivos.EFCore.Repositories", "Sentir-Creativo-Backend.PublicoObjetivos.EFCore.Repositories\Sentir-Creativo-Backend.PublicoObjetivos.EFCore.Repositories.csproj", "{9ACA31AF-0B05-4B8E-ADE4-FB1C5D1749DF}"
EndProject
Project("{2150E333-8FDC-42A3-9474-1A3956D46DE8}") = "Areas", "Areas", "{853B09A9-1234-4F54-ADEF-623277E6F844}"
EndProject
Project("{2150E333-8FDC-42A3-9474-1A3956D46DE8}") = "1.Enterprise Business Rules", "1.Enterprise Business Rules", "{F8DBB18A-EAB0-4D8A-B731-372CEC2CA1C8}"
EndProject
Project("{FAE04EC0-301F-11D3-BF4B-00C04F79EFBC}") = "Sentir-Creativo-Backend.Areas.Entities", "Sentir-Creativo-Backend.Areas.Entities\Sentir-Creativo-Backend.Areas.Entities.csproj", "{B3314FAD-25A4-41DE-B1F6-53C81882DA0B}"
EndProject
Project("{2150E333-8FDC-42A3-9474-1A3956D46DE8}") = "3.Interface Adapters", "3.Interface Adapters", "{DB7C0578-BD6D-4797-A2DC-351846F27FA0}"
EndProject
Project("{2150E333-8FDC-42A3-9474-1A3956D46DE8}") = "Gateways", "Gateways", "{CD475439-1914-4E48-8098-54E9E210AA6B}"
EndProject
Project("{2150E333-8FDC-42A3-9474-1A3956D46DE8}") = "Repositories", "Repositories", "{8B88939E-EA85-4576-9A4D-ADA8BF88B9F1}"
EndProject
Project("{FAE04EC0-301F-11D3-BF4B-00C04F79EFBC}") = "Sentir-Creativo-Backend.Areas.EFCore.Repositories", "Sentir-Creativo-Backend.Areas.EFCore.Repositories\Sentir-Creativo-Backend.Areas.EFCore.Repositories.csproj", "{7B749D74-71E9-4284-B916-7A39D598A1DA}"
EndProject
Project("{2150E333-8FDC-42A3-9474-1A3956D46DE8}") = "Proyectos", "Proyectos", "{AD45B29D-CE87-4E6A-BB05-2369F39711A4}"
EndProject
Project("{2150E333-8FDC-42A3-9474-1A3956D46DE8}") = "1.Enterprise Business Rules", "1.Enterprise Business Rules", "{D2F9E28C-F6AF-4844-8594-C29AEB2A9414}"
EndProject
Project("{FAE04EC0-301F-11D3-BF4B-00C04F79EFBC}") = "Sentir-Creativo-Backend.Proyectos.Entities", "Sentir-Creativo-Backend.Proyectos.Entities\Sentir-Creativo-Backend.Proyectos.Entities.csproj", "{CF9FE057-E9F5-4BAC-81E5-17B6E3F15C37}"
EndProject
Project("{2150E333-8FDC-42A3-9474-1A3956D46DE8}") = "3.Interface Adapters", "3.Interface Adapters", "{DE6B7341-1463-473E-A5EA-252D80F0A84D}"
EndProject
Project("{FAE04EC0-301F-11D3-BF4B-00C04F79EFBC}") = "Sentir-Creativo-Backend.Proyectos.EFCore.Repositories", "Sentir-Creativo-Backend.Proyectos.EFCore.Repositories\Sentir-Creativo-Backend.Proyectos.EFCore.Repositories.csproj", "{4072F4EC-E7BD-433C-950A-253987845C2D}"
EndProject
Project("{2150E333-8FDC-42A3-9474-1A3956D46DE8}") = "2.Application Business Rules", "2.Application Business Rules", "{3170BE30-C96D-4E98-BFDB-EF5FC8F7189E}"
EndProject
Project("{FAE04EC0-301F-11D3-BF4B-00C04F79EFBC}") = "Sentir-Creativo-Backend.Proyectos.BusinessObject", "Sentir-Creativo-Backend.Proyectos.BusinessObject\Sentir-Creativo-Backend.Proyectos.BusinessObject.csproj", "{0C3FD201-510E-4410-8DB5-3E43D0290CB9}"
EndProject
Project("{FAE04EC0-301F-11D3-BF4B-00C04F79EFBC}") = "Sentir-Creativo-Backend.Proyectos.UseCases", "Sentir-Creativo-Backend.Proyectos.UseCases\Sentir-Creativo-Backend.Proyectos.UseCases.csproj", "{234C6873-B152-40E2-ACD7-FE0B1356ECEF}"
EndProject
Project("{2150E333-8FDC-42A3-9474-1A3956D46DE8}") = "gateways", "gateways", "{34BA386B-9079-46E1-88CF-C56D82B41A07}"
EndProject
Project("{2150E333-8FDC-42A3-9474-1A3956D46DE8}") = "Repositories", "Repositories", "{C31ED5F9-336D-428F-8E62-6316D21BA466}"
EndProject
Project("{2150E333-8FDC-42A3-9474-1A3956D46DE8}") = "Controllers", "Controllers", "{944E6204-7F3E-4F6B-BF60-400B0EC088DF}"
EndProject
Project("{2150E333-8FDC-42A3-9474-1A3956D46DE8}") = "Presenters", "Presenters", "{562BDCD7-4D61-49AD-B28B-BED5D3E5398F}"
EndProject
Project("{FAE04EC0-301F-11D3-BF4B-00C04F79EFBC}") = "Sentir-Creativo-Backend.Proyectos.Presenters", "Sentir-Creativo-Backend.Proyectos.Presenters\Sentir-Creativo-Backend.Proyectos.Presenters.csproj", "{5A6D4BC0-9A9B-44AE-A319-A431DCEF008F}"
EndProject
Project("{FAE04EC0-301F-11D3-BF4B-00C04F79EFBC}") = "Sentir-Creativo-Backend.Proyectos.Controllers", "Sentir-Creativo-Backend.Proyectos.Controllers\Sentir-Creativo-Backend.Proyectos.Controllers.csproj", "{7729EA02-C261-45E9-9035-13DCDD1EC8E4}"
EndProject
Project("{FAE04EC0-301F-11D3-BF4B-00C04F79EFBC}") = "Sentir-Creativo-Backend.Proyectos.IoC", "Sentir-Creativo-Backend.Proyectos.IoC\Sentir-Creativo-Backend.Proyectos.IoC.csproj", "{BC50B412-7C97-4A0C-A438-CD546AF6A567}"
EndProject
Project("{2150E333-8FDC-42A3-9474-1A3956D46DE8}") = "Plantillas", "Plantillas", "{6D218592-F2CD-43D2-9310-7D30A7CF2894}"
EndProject
Project("{2150E333-8FDC-42A3-9474-1A3956D46DE8}") = "1.Enterprise Business Rules", "1.Enterprise Business Rules", "{537B5752-8E52-408E-8214-326FF3878608}"
EndProject
Project("{FAE04EC0-301F-11D3-BF4B-00C04F79EFBC}") = "Sentir-Creativo-Backend.Plantillas.Entities", "Sentir-Creativo-Backend.Plantillas.Entities\Sentir-Creativo-Backend.Plantillas.Entities.csproj", "{E1B69313-51AE-425D-B014-460D05372B31}"
EndProject
Project("{2150E333-8FDC-42A3-9474-1A3956D46DE8}") = "3.Interface Adapters", "3.Interface Adapters", "{B848D5BC-A8B1-4A5B-A964-5E76D517B11F}"
EndProject
Project("{2150E333-8FDC-42A3-9474-1A3956D46DE8}") = "Gateways", "Gateways", "{7B789CE8-F9B9-46DA-807D-1255DA74584E}"
EndProject
Project("{2150E333-8FDC-42A3-9474-1A3956D46DE8}") = "Repositories", "Repositories", "{04462249-78E5-4910-8F40-BBC7B2C68709}"
EndProject
Project("{FAE04EC0-301F-11D3-BF4B-00C04F79EFBC}") = "Sentir-Creativo-Backend.Plantillas.EFCore.Repositories", "Sentir-Creativo-Backend.Plantillas.EFCore.Repositories\Sentir-Creativo-Backend.Plantillas.EFCore.Repositories.csproj", "{2420CFB8-F7A6-4774-AB51-7EE3E58BD3EE}"
EndProject
Project("{2150E333-8FDC-42A3-9474-1A3956D46DE8}") = "Difusiones", "Difusiones", "{A9C6A2F8-B7CE-44A2-8F9F-F8CD251697F9}"
EndProject
Project("{2150E333-8FDC-42A3-9474-1A3956D46DE8}") = "1.Enterprise Business Rules", "1.Enterprise Business Rules", "{ECF1C3DC-CB4F-47DF-98EE-36461D801589}"
EndProject
Project("{FAE04EC0-301F-11D3-BF4B-00C04F79EFBC}") = "Sentir-Creativo-Backend.Difusiones.Entities", "Sentir-Creativo-Backend.Difusiones.Entities\Sentir-Creativo-Backend.Difusiones.Entities.csproj", "{A6D0033B-9369-4327-A4DC-CDF256856D41}"
EndProject
Project("{2150E333-8FDC-42A3-9474-1A3956D46DE8}") = "Colecciones", "Colecciones", "{1ACDE052-DF0C-4CDC-B712-91456F972915}"
EndProject
Project("{2150E333-8FDC-42A3-9474-1A3956D46DE8}") = "1.Enterprise Business Rules", "1.Enterprise Business Rules", "{95E0D623-539F-4D75-9FA5-A04C755EC1A3}"
EndProject
Project("{FAE04EC0-301F-11D3-BF4B-00C04F79EFBC}") = "Sentir-Creativo-Backend.Colecciones.Entities", "Sentir-Creativo-Backend.Colecciones.Entities\Sentir-Creativo-Backend.Colecciones.Entities.csproj", "{54142114-ACE8-4AFF-8C82-2818D5BF6610}"
EndProject
Project("{2150E333-8FDC-42A3-9474-1A3956D46DE8}") = "3.Interface Adapters", "3.Interface Adapters", "{32A7B5B6-BC5D-467A-99EE-6969951288D8}"
EndProject
Project("{2150E333-8FDC-42A3-9474-1A3956D46DE8}") = "Gateways", "Gateways", "{A12C5DC7-8915-40E7-A7DC-F71FC2B0D53D}"
EndProject
Project("{2150E333-8FDC-42A3-9474-1A3956D46DE8}") = "Repositories", "Repositories", "{089FC00F-4902-4B0B-83AF-940AA5233E01}"
EndProject
Project("{FAE04EC0-301F-11D3-BF4B-00C04F79EFBC}") = "Sentir-Creativo-Backend.Colecciones.EFCore.Repositories", "Sentir-Creativo-Backend.Colecciones.EFCore.Repositories\Sentir-Creativo-Backend.Colecciones.EFCore.Repositories.csproj", "{C327FA65-6CB0-45CD-98CB-20BAA13FD7E7}"
EndProject
Project("{2150E333-8FDC-42A3-9474-1A3956D46DE8}") = "3.Interface Adapters", "3.Interface Adapters", "{35B67273-F98B-4C6A-B65D-D8155289088A}"
EndProject
Project("{2150E333-8FDC-42A3-9474-1A3956D46DE8}") = "Gateways", "Gateways", "{1AB42549-6643-4834-A3E5-FE057D8DB30E}"
EndProject
Project("{2150E333-8FDC-42A3-9474-1A3956D46DE8}") = "Repositories", "Repositories", "{B074E030-1B04-4D3F-A8E7-45E5A148B9AE}"
EndProject
Project("{FAE04EC0-301F-11D3-BF4B-00C04F79EFBC}") = "Sentir-Cretivo-Backend.Difusiones.EFCore.Repositories", "Sentir-Cretivo-Backend.Difusiones.EFCore.Repositories\Sentir-Cretivo-Backend.Difusiones.EFCore.Repositories.csproj", "{9DFAC48C-07F2-42FC-8D5A-2BF60E735D24}"
EndProject
Project("{2150E333-8FDC-42A3-9474-1A3956D46DE8}") = "2.Application Business Rules", "2.Application Business Rules", "{E4CD32CD-21A7-457A-BA2D-C964DF5BF1D5}"
EndProject
Project("{FAE04EC0-301F-11D3-BF4B-00C04F79EFBC}") = "Sentir-Creativo-Backend.PublicoObjectivos.BusinessObject", "Sentir-Creativo-Backend.PublicoObjectivos.BusinessObject\Sentir-Creativo-Backend.PublicoObjectivos.BusinessObject.csproj", "{80F557D6-D901-42D1-B2BF-28BE284E7B0F}"
EndProject
Project("{FAE04EC0-301F-11D3-BF4B-00C04F79EFBC}") = "Sentir-Creativo-Backend.PublicoObjetivos.UseCases", "Sentir-Creativo-Backend.PublicoObjetivos.UseCases\Sentir-Creativo-Backend.PublicoObjetivos.UseCases.csproj", "{464E33DC-5C18-4E9D-A310-3A048709D3E0}"
EndProject
Project("{2150E333-8FDC-42A3-9474-1A3956D46DE8}") = "Presenters", "Presenters", "{C3CC37E5-FACF-4C6B-BFE1-48D122A690EE}"
EndProject
Project("{FAE04EC0-301F-11D3-BF4B-00C04F79EFBC}") = "Sentir-Creativo-Backend.PublicoObjetivos.Presenters", "Sentir-Creativo-Backend.PublicoObjetivos.Presenters\Sentir-Creativo-Backend.PublicoObjetivos.Presenters.csproj", "{A1FF8046-462E-4461-AB6A-E0E3D51E6DD2}"
EndProject
Project("{2150E333-8FDC-42A3-9474-1A3956D46DE8}") = "Controllers", "Controllers", "{4564CEB5-F51D-44B0-BCD5-E172ED0B4B2E}"
EndProject
Project("{FAE04EC0-301F-11D3-BF4B-00C04F79EFBC}") = "Sentir-Creativo-Backend.PublicoObjetivos.Controllers", "Sentir-Creativo-Backend.PublicoObjetivos.Controllers\Sentir-Creativo-Backend.PublicoObjetivos.Controllers.csproj", "{D269290F-BCC4-4FB1-99B0-4D358E604CE8}"
EndProject
Project("{FAE04EC0-301F-11D3-BF4B-00C04F79EFBC}") = "Sentir-Creativo-Backend.PublicoObjetivos.IoC", "Sentir-Creativo-Backend.PublicoObjetivos.IoC\Sentir-Creativo-Backend.PublicoObjetivos.IoC.csproj", "{C56B1DE5-3E69-48D5-A165-D4AC6FE1B279}"
EndProject
Project("{2150E333-8FDC-42A3-9474-1A3956D46DE8}") = "Servicios", "Servicios", "{CFC3C412-C3F1-4833-8CD2-0B6CFCDD4727}"
EndProject
Project("{2150E333-8FDC-42A3-9474-1A3956D46DE8}") = "1.Enterprise Business Rules", "1.Enterprise Business Rules", "{71CF3968-3959-403F-A966-DC8240DB7583}"
EndProject
Project("{FAE04EC0-301F-11D3-BF4B-00C04F79EFBC}") = "Sentir-Creativo-Backend.Servicios.Entities", "Sentir-Creativo-Backend.Servicios.Entities\Sentir-Creativo-Backend.Servicios.Entities.csproj", "{D3A57AA8-59FE-455B-AE18-69A8C0356997}"
EndProject
Project("{2150E333-8FDC-42A3-9474-1A3956D46DE8}") = "3.Interface Adapters", "3.Interface Adapters", "{29DB901D-B44C-454D-8F0F-6F24F8E550C7}"
EndProject
Project("{2150E333-8FDC-42A3-9474-1A3956D46DE8}") = "Gateways", "Gateways", "{A97EE1B6-3520-41AE-861A-CDF7E5A27322}"
EndProject
Project("{2150E333-8FDC-42A3-9474-1A3956D46DE8}") = "Repositories", "Repositories", "{6495917E-098F-475E-9871-5840E9A99DD2}"
EndProject
Project("{FAE04EC0-301F-11D3-BF4B-00C04F79EFBC}") = "Sentir-Creativo-Backend.Servicios.EFCore.Repositories", "Sentir-Creativo-Backend.Servicios.EFCore.Repositories\Sentir-Creativo-Backend.Servicios.EFCore.Repositories.csproj", "{26F3EE67-2351-4AB5-9A59-881381FFA550}"
EndProject
Project("{2150E333-8FDC-42A3-9474-1A3956D46DE8}") = "2.Application Business Rules", "2.Application Business Rules", "{B96CF9E7-9408-424F-8CFD-9E942DE6355D}"
EndProject
Project("{FAE04EC0-301F-11D3-BF4B-00C04F79EFBC}") = "Sentir-Creativo-Backend.Servicios.BusinessObject", "Sentir-Creativo-Backend.Servicios.BusinessObject\Sentir-Creativo-Backend.Servicios.BusinessObject.csproj", "{8D852E12-B3A3-44C4-9C9E-BD8525C8B2E5}"
EndProject
Project("{FAE04EC0-301F-11D3-BF4B-00C04F79EFBC}") = "Sentir-Creativo-Backend.Servicios.UseCases", "Sentir-Creativo-Backend.Servicios.UseCases\Sentir-Creativo-Backend.Servicios.UseCases.csproj", "{58BEA4B1-CBB7-4A81-A385-E4E1CB36FA00}"
EndProject
Project("{2150E333-8FDC-42A3-9474-1A3956D46DE8}") = "Presenters", "Presenters", "{C224DC93-2B2D-4026-A4D4-DBE7E844181C}"
EndProject
Project("{FAE04EC0-301F-11D3-BF4B-00C04F79EFBC}") = "Sentir-Creativo-Backend.Servicios.Presenters", "Sentir-Creativo-Backend.Servicios.Presenters\Sentir-Creativo-Backend.Servicios.Presenters.csproj", "{ACC595EA-F564-439E-9B67-B946EB4C9977}"
EndProject
Project("{2150E333-8FDC-42A3-9474-1A3956D46DE8}") = "Controllers", "Controllers", "{EEDDE3BE-F1CB-4F98-8CC6-6F5DDB646599}"
EndProject
Project("{FAE04EC0-301F-11D3-BF4B-00C04F79EFBC}") = "Sentir-Creativo-Backend.Servicios.Controllers", "Sentir-Creativo-Backend.Servicios.Controllers\Sentir-Creativo-Backend.Servicios.Controllers.csproj", "{0FCDFF35-6936-4450-96E7-C0A6C0CD3D3C}"
EndProject
Project("{FAE04EC0-301F-11D3-BF4B-00C04F79EFBC}") = "Sentir-Creativo-Backend.Servicios.IoC", "Sentir-Creativo-Backend.Servicios.IoC\Sentir-Creativo-Backend.Servicios.IoC.csproj", "{2D3B9DF2-EF43-4969-8349-A5EC77BCC226}"
EndProject
Global
	GlobalSection(SolutionConfigurationPlatforms) = preSolution
		Debug|Any CPU = Debug|Any CPU
		Release|Any CPU = Release|Any CPU
	EndGlobalSection
	GlobalSection(ProjectConfigurationPlatforms) = postSolution
		{50C8E704-8DB3-4EE3-8386-F90FC65108EF}.Debug|Any CPU.ActiveCfg = Debug|Any CPU
		{50C8E704-8DB3-4EE3-8386-F90FC65108EF}.Debug|Any CPU.Build.0 = Debug|Any CPU
		{50C8E704-8DB3-4EE3-8386-F90FC65108EF}.Release|Any CPU.ActiveCfg = Release|Any CPU
		{50C8E704-8DB3-4EE3-8386-F90FC65108EF}.Release|Any CPU.Build.0 = Release|Any CPU
		{3E634CF6-2B6F-4DD7-ADA1-60DD8B97245D}.Debug|Any CPU.ActiveCfg = Debug|Any CPU
		{3E634CF6-2B6F-4DD7-ADA1-60DD8B97245D}.Debug|Any CPU.Build.0 = Debug|Any CPU
		{3E634CF6-2B6F-4DD7-ADA1-60DD8B97245D}.Release|Any CPU.ActiveCfg = Release|Any CPU
		{3E634CF6-2B6F-4DD7-ADA1-60DD8B97245D}.Release|Any CPU.Build.0 = Release|Any CPU
		{A749634E-6728-45F9-86D0-5219367BACD8}.Debug|Any CPU.ActiveCfg = Debug|Any CPU
		{A749634E-6728-45F9-86D0-5219367BACD8}.Debug|Any CPU.Build.0 = Debug|Any CPU
		{A749634E-6728-45F9-86D0-5219367BACD8}.Release|Any CPU.ActiveCfg = Release|Any CPU
		{A749634E-6728-45F9-86D0-5219367BACD8}.Release|Any CPU.Build.0 = Release|Any CPU
		{85B8A41D-3844-4B6B-97AC-2768BEC7B758}.Debug|Any CPU.ActiveCfg = Debug|Any CPU
		{85B8A41D-3844-4B6B-97AC-2768BEC7B758}.Debug|Any CPU.Build.0 = Debug|Any CPU
		{85B8A41D-3844-4B6B-97AC-2768BEC7B758}.Release|Any CPU.ActiveCfg = Release|Any CPU
		{85B8A41D-3844-4B6B-97AC-2768BEC7B758}.Release|Any CPU.Build.0 = Release|Any CPU
		{E3D7D325-C338-4973-945B-279EE39FC3FC}.Debug|Any CPU.ActiveCfg = Debug|Any CPU
		{E3D7D325-C338-4973-945B-279EE39FC3FC}.Debug|Any CPU.Build.0 = Debug|Any CPU
		{E3D7D325-C338-4973-945B-279EE39FC3FC}.Release|Any CPU.ActiveCfg = Release|Any CPU
		{E3D7D325-C338-4973-945B-279EE39FC3FC}.Release|Any CPU.Build.0 = Release|Any CPU
		{377BB1AC-D57E-42B6-BE5F-6FC0AEEBE367}.Debug|Any CPU.ActiveCfg = Debug|Any CPU
		{377BB1AC-D57E-42B6-BE5F-6FC0AEEBE367}.Debug|Any CPU.Build.0 = Debug|Any CPU
		{377BB1AC-D57E-42B6-BE5F-6FC0AEEBE367}.Release|Any CPU.ActiveCfg = Release|Any CPU
		{377BB1AC-D57E-42B6-BE5F-6FC0AEEBE367}.Release|Any CPU.Build.0 = Release|Any CPU
		{60BA05AC-9029-49A3-9788-3B688DDAB1B5}.Debug|Any CPU.ActiveCfg = Debug|Any CPU
		{60BA05AC-9029-49A3-9788-3B688DDAB1B5}.Debug|Any CPU.Build.0 = Debug|Any CPU
		{60BA05AC-9029-49A3-9788-3B688DDAB1B5}.Release|Any CPU.ActiveCfg = Release|Any CPU
		{60BA05AC-9029-49A3-9788-3B688DDAB1B5}.Release|Any CPU.Build.0 = Release|Any CPU
		{A9CEB138-BC7D-4E7F-BB36-A64FFCCA71DC}.Debug|Any CPU.ActiveCfg = Debug|Any CPU
		{A9CEB138-BC7D-4E7F-BB36-A64FFCCA71DC}.Debug|Any CPU.Build.0 = Debug|Any CPU
		{A9CEB138-BC7D-4E7F-BB36-A64FFCCA71DC}.Release|Any CPU.ActiveCfg = Release|Any CPU
		{A9CEB138-BC7D-4E7F-BB36-A64FFCCA71DC}.Release|Any CPU.Build.0 = Release|Any CPU
		{9CB6AE3F-F78E-4FD7-AE64-B8DB582B3CCE}.Debug|Any CPU.ActiveCfg = Debug|Any CPU
		{9CB6AE3F-F78E-4FD7-AE64-B8DB582B3CCE}.Debug|Any CPU.Build.0 = Debug|Any CPU
		{9CB6AE3F-F78E-4FD7-AE64-B8DB582B3CCE}.Release|Any CPU.ActiveCfg = Release|Any CPU
		{9CB6AE3F-F78E-4FD7-AE64-B8DB582B3CCE}.Release|Any CPU.Build.0 = Release|Any CPU
		{55F1A402-70A0-4693-99A4-23EC9C1E5DA0}.Debug|Any CPU.ActiveCfg = Debug|Any CPU
		{55F1A402-70A0-4693-99A4-23EC9C1E5DA0}.Debug|Any CPU.Build.0 = Debug|Any CPU
		{55F1A402-70A0-4693-99A4-23EC9C1E5DA0}.Release|Any CPU.ActiveCfg = Release|Any CPU
		{55F1A402-70A0-4693-99A4-23EC9C1E5DA0}.Release|Any CPU.Build.0 = Release|Any CPU
		{3F5FD598-2DB3-4B9E-A866-AD16E010E847}.Debug|Any CPU.ActiveCfg = Debug|Any CPU
		{3F5FD598-2DB3-4B9E-A866-AD16E010E847}.Debug|Any CPU.Build.0 = Debug|Any CPU
		{3F5FD598-2DB3-4B9E-A866-AD16E010E847}.Release|Any CPU.ActiveCfg = Release|Any CPU
		{3F5FD598-2DB3-4B9E-A866-AD16E010E847}.Release|Any CPU.Build.0 = Release|Any CPU
		{DA84701B-4EDC-49CE-AC3A-6A3B0C35D1C7}.Debug|Any CPU.ActiveCfg = Debug|Any CPU
		{DA84701B-4EDC-49CE-AC3A-6A3B0C35D1C7}.Debug|Any CPU.Build.0 = Debug|Any CPU
		{DA84701B-4EDC-49CE-AC3A-6A3B0C35D1C7}.Release|Any CPU.ActiveCfg = Release|Any CPU
		{DA84701B-4EDC-49CE-AC3A-6A3B0C35D1C7}.Release|Any CPU.Build.0 = Release|Any CPU
		{C34EA67D-2BF2-49F6-9405-4843889D73E8}.Debug|Any CPU.ActiveCfg = Debug|Any CPU
		{C34EA67D-2BF2-49F6-9405-4843889D73E8}.Debug|Any CPU.Build.0 = Debug|Any CPU
		{C34EA67D-2BF2-49F6-9405-4843889D73E8}.Release|Any CPU.ActiveCfg = Release|Any CPU
		{C34EA67D-2BF2-49F6-9405-4843889D73E8}.Release|Any CPU.Build.0 = Release|Any CPU
		{06125562-7EF3-4C35-96D8-3CC1E4B12FE1}.Debug|Any CPU.ActiveCfg = Debug|Any CPU
		{06125562-7EF3-4C35-96D8-3CC1E4B12FE1}.Debug|Any CPU.Build.0 = Debug|Any CPU
		{06125562-7EF3-4C35-96D8-3CC1E4B12FE1}.Release|Any CPU.ActiveCfg = Release|Any CPU
		{06125562-7EF3-4C35-96D8-3CC1E4B12FE1}.Release|Any CPU.Build.0 = Release|Any CPU
		{2AFDBE70-699F-4D62-993F-A768CA4B9A08}.Debug|Any CPU.ActiveCfg = Debug|Any CPU
		{2AFDBE70-699F-4D62-993F-A768CA4B9A08}.Debug|Any CPU.Build.0 = Debug|Any CPU
		{2AFDBE70-699F-4D62-993F-A768CA4B9A08}.Release|Any CPU.ActiveCfg = Release|Any CPU
		{2AFDBE70-699F-4D62-993F-A768CA4B9A08}.Release|Any CPU.Build.0 = Release|Any CPU
		{A955D8C3-3153-4075-B8DF-5082B5DAEA31}.Debug|Any CPU.ActiveCfg = Debug|Any CPU
		{A955D8C3-3153-4075-B8DF-5082B5DAEA31}.Debug|Any CPU.Build.0 = Debug|Any CPU
		{A955D8C3-3153-4075-B8DF-5082B5DAEA31}.Release|Any CPU.ActiveCfg = Release|Any CPU
		{A955D8C3-3153-4075-B8DF-5082B5DAEA31}.Release|Any CPU.Build.0 = Release|Any CPU
		{C3B2A417-155D-4AB0-9C30-D89E42D69648}.Debug|Any CPU.ActiveCfg = Debug|Any CPU
		{C3B2A417-155D-4AB0-9C30-D89E42D69648}.Debug|Any CPU.Build.0 = Debug|Any CPU
		{C3B2A417-155D-4AB0-9C30-D89E42D69648}.Release|Any CPU.ActiveCfg = Release|Any CPU
		{C3B2A417-155D-4AB0-9C30-D89E42D69648}.Release|Any CPU.Build.0 = Release|Any CPU
		{77F0AECC-9D30-45EE-B589-4D05349F1135}.Debug|Any CPU.ActiveCfg = Debug|Any CPU
		{77F0AECC-9D30-45EE-B589-4D05349F1135}.Debug|Any CPU.Build.0 = Debug|Any CPU
		{77F0AECC-9D30-45EE-B589-4D05349F1135}.Release|Any CPU.ActiveCfg = Release|Any CPU
		{77F0AECC-9D30-45EE-B589-4D05349F1135}.Release|Any CPU.Build.0 = Release|Any CPU
		{458113AA-4648-4E76-A954-0759043AF704}.Debug|Any CPU.ActiveCfg = Debug|Any CPU
		{458113AA-4648-4E76-A954-0759043AF704}.Debug|Any CPU.Build.0 = Debug|Any CPU
		{458113AA-4648-4E76-A954-0759043AF704}.Release|Any CPU.ActiveCfg = Release|Any CPU
		{458113AA-4648-4E76-A954-0759043AF704}.Release|Any CPU.Build.0 = Release|Any CPU
		{3B6B1B84-3139-4C99-8BC7-B61F96DC180E}.Debug|Any CPU.ActiveCfg = Debug|Any CPU
		{3B6B1B84-3139-4C99-8BC7-B61F96DC180E}.Debug|Any CPU.Build.0 = Debug|Any CPU
		{3B6B1B84-3139-4C99-8BC7-B61F96DC180E}.Release|Any CPU.ActiveCfg = Release|Any CPU
		{3B6B1B84-3139-4C99-8BC7-B61F96DC180E}.Release|Any CPU.Build.0 = Release|Any CPU
		{B3485699-881A-442F-8134-A5EC91398ABF}.Debug|Any CPU.ActiveCfg = Debug|Any CPU
		{B3485699-881A-442F-8134-A5EC91398ABF}.Debug|Any CPU.Build.0 = Debug|Any CPU
		{B3485699-881A-442F-8134-A5EC91398ABF}.Release|Any CPU.ActiveCfg = Release|Any CPU
		{B3485699-881A-442F-8134-A5EC91398ABF}.Release|Any CPU.Build.0 = Release|Any CPU
		{9ACA31AF-0B05-4B8E-ADE4-FB1C5D1749DF}.Debug|Any CPU.ActiveCfg = Debug|Any CPU
		{9ACA31AF-0B05-4B8E-ADE4-FB1C5D1749DF}.Debug|Any CPU.Build.0 = Debug|Any CPU
		{9ACA31AF-0B05-4B8E-ADE4-FB1C5D1749DF}.Release|Any CPU.ActiveCfg = Release|Any CPU
		{9ACA31AF-0B05-4B8E-ADE4-FB1C5D1749DF}.Release|Any CPU.Build.0 = Release|Any CPU
		{B3314FAD-25A4-41DE-B1F6-53C81882DA0B}.Debug|Any CPU.ActiveCfg = Debug|Any CPU
		{B3314FAD-25A4-41DE-B1F6-53C81882DA0B}.Debug|Any CPU.Build.0 = Debug|Any CPU
		{B3314FAD-25A4-41DE-B1F6-53C81882DA0B}.Release|Any CPU.ActiveCfg = Release|Any CPU
		{B3314FAD-25A4-41DE-B1F6-53C81882DA0B}.Release|Any CPU.Build.0 = Release|Any CPU
		{7B749D74-71E9-4284-B916-7A39D598A1DA}.Debug|Any CPU.ActiveCfg = Debug|Any CPU
		{7B749D74-71E9-4284-B916-7A39D598A1DA}.Debug|Any CPU.Build.0 = Debug|Any CPU
		{7B749D74-71E9-4284-B916-7A39D598A1DA}.Release|Any CPU.ActiveCfg = Release|Any CPU
		{7B749D74-71E9-4284-B916-7A39D598A1DA}.Release|Any CPU.Build.0 = Release|Any CPU
		{CF9FE057-E9F5-4BAC-81E5-17B6E3F15C37}.Debug|Any CPU.ActiveCfg = Debug|Any CPU
		{CF9FE057-E9F5-4BAC-81E5-17B6E3F15C37}.Debug|Any CPU.Build.0 = Debug|Any CPU
		{CF9FE057-E9F5-4BAC-81E5-17B6E3F15C37}.Release|Any CPU.ActiveCfg = Release|Any CPU
		{CF9FE057-E9F5-4BAC-81E5-17B6E3F15C37}.Release|Any CPU.Build.0 = Release|Any CPU
		{4072F4EC-E7BD-433C-950A-253987845C2D}.Debug|Any CPU.ActiveCfg = Debug|Any CPU
		{4072F4EC-E7BD-433C-950A-253987845C2D}.Debug|Any CPU.Build.0 = Debug|Any CPU
		{4072F4EC-E7BD-433C-950A-253987845C2D}.Release|Any CPU.ActiveCfg = Release|Any CPU
		{4072F4EC-E7BD-433C-950A-253987845C2D}.Release|Any CPU.Build.0 = Release|Any CPU
		{0C3FD201-510E-4410-8DB5-3E43D0290CB9}.Debug|Any CPU.ActiveCfg = Debug|Any CPU
		{0C3FD201-510E-4410-8DB5-3E43D0290CB9}.Debug|Any CPU.Build.0 = Debug|Any CPU
		{0C3FD201-510E-4410-8DB5-3E43D0290CB9}.Release|Any CPU.ActiveCfg = Release|Any CPU
		{0C3FD201-510E-4410-8DB5-3E43D0290CB9}.Release|Any CPU.Build.0 = Release|Any CPU
		{234C6873-B152-40E2-ACD7-FE0B1356ECEF}.Debug|Any CPU.ActiveCfg = Debug|Any CPU
		{234C6873-B152-40E2-ACD7-FE0B1356ECEF}.Debug|Any CPU.Build.0 = Debug|Any CPU
		{234C6873-B152-40E2-ACD7-FE0B1356ECEF}.Release|Any CPU.ActiveCfg = Release|Any CPU
		{234C6873-B152-40E2-ACD7-FE0B1356ECEF}.Release|Any CPU.Build.0 = Release|Any CPU
		{5A6D4BC0-9A9B-44AE-A319-A431DCEF008F}.Debug|Any CPU.ActiveCfg = Debug|Any CPU
		{5A6D4BC0-9A9B-44AE-A319-A431DCEF008F}.Debug|Any CPU.Build.0 = Debug|Any CPU
		{5A6D4BC0-9A9B-44AE-A319-A431DCEF008F}.Release|Any CPU.ActiveCfg = Release|Any CPU
		{5A6D4BC0-9A9B-44AE-A319-A431DCEF008F}.Release|Any CPU.Build.0 = Release|Any CPU
		{7729EA02-C261-45E9-9035-13DCDD1EC8E4}.Debug|Any CPU.ActiveCfg = Debug|Any CPU
		{7729EA02-C261-45E9-9035-13DCDD1EC8E4}.Debug|Any CPU.Build.0 = Debug|Any CPU
		{7729EA02-C261-45E9-9035-13DCDD1EC8E4}.Release|Any CPU.ActiveCfg = Release|Any CPU
		{7729EA02-C261-45E9-9035-13DCDD1EC8E4}.Release|Any CPU.Build.0 = Release|Any CPU
		{BC50B412-7C97-4A0C-A438-CD546AF6A567}.Debug|Any CPU.ActiveCfg = Debug|Any CPU
		{BC50B412-7C97-4A0C-A438-CD546AF6A567}.Debug|Any CPU.Build.0 = Debug|Any CPU
		{BC50B412-7C97-4A0C-A438-CD546AF6A567}.Release|Any CPU.ActiveCfg = Release|Any CPU
		{BC50B412-7C97-4A0C-A438-CD546AF6A567}.Release|Any CPU.Build.0 = Release|Any CPU
		{E1B69313-51AE-425D-B014-460D05372B31}.Debug|Any CPU.ActiveCfg = Debug|Any CPU
		{E1B69313-51AE-425D-B014-460D05372B31}.Debug|Any CPU.Build.0 = Debug|Any CPU
		{E1B69313-51AE-425D-B014-460D05372B31}.Release|Any CPU.ActiveCfg = Release|Any CPU
		{E1B69313-51AE-425D-B014-460D05372B31}.Release|Any CPU.Build.0 = Release|Any CPU
		{2420CFB8-F7A6-4774-AB51-7EE3E58BD3EE}.Debug|Any CPU.ActiveCfg = Debug|Any CPU
		{2420CFB8-F7A6-4774-AB51-7EE3E58BD3EE}.Debug|Any CPU.Build.0 = Debug|Any CPU
		{2420CFB8-F7A6-4774-AB51-7EE3E58BD3EE}.Release|Any CPU.ActiveCfg = Release|Any CPU
		{2420CFB8-F7A6-4774-AB51-7EE3E58BD3EE}.Release|Any CPU.Build.0 = Release|Any CPU
		{A6D0033B-9369-4327-A4DC-CDF256856D41}.Debug|Any CPU.ActiveCfg = Debug|Any CPU
		{A6D0033B-9369-4327-A4DC-CDF256856D41}.Debug|Any CPU.Build.0 = Debug|Any CPU
		{A6D0033B-9369-4327-A4DC-CDF256856D41}.Release|Any CPU.ActiveCfg = Release|Any CPU
		{A6D0033B-9369-4327-A4DC-CDF256856D41}.Release|Any CPU.Build.0 = Release|Any CPU
		{54142114-ACE8-4AFF-8C82-2818D5BF6610}.Debug|Any CPU.ActiveCfg = Debug|Any CPU
		{54142114-ACE8-4AFF-8C82-2818D5BF6610}.Debug|Any CPU.Build.0 = Debug|Any CPU
		{54142114-ACE8-4AFF-8C82-2818D5BF6610}.Release|Any CPU.ActiveCfg = Release|Any CPU
		{54142114-ACE8-4AFF-8C82-2818D5BF6610}.Release|Any CPU.Build.0 = Release|Any CPU
		{C327FA65-6CB0-45CD-98CB-20BAA13FD7E7}.Debug|Any CPU.ActiveCfg = Debug|Any CPU
		{C327FA65-6CB0-45CD-98CB-20BAA13FD7E7}.Debug|Any CPU.Build.0 = Debug|Any CPU
		{C327FA65-6CB0-45CD-98CB-20BAA13FD7E7}.Release|Any CPU.ActiveCfg = Release|Any CPU
		{C327FA65-6CB0-45CD-98CB-20BAA13FD7E7}.Release|Any CPU.Build.0 = Release|Any CPU
		{9DFAC48C-07F2-42FC-8D5A-2BF60E735D24}.Debug|Any CPU.ActiveCfg = Debug|Any CPU
		{9DFAC48C-07F2-42FC-8D5A-2BF60E735D24}.Debug|Any CPU.Build.0 = Debug|Any CPU
		{9DFAC48C-07F2-42FC-8D5A-2BF60E735D24}.Release|Any CPU.ActiveCfg = Release|Any CPU
		{9DFAC48C-07F2-42FC-8D5A-2BF60E735D24}.Release|Any CPU.Build.0 = Release|Any CPU
		{80F557D6-D901-42D1-B2BF-28BE284E7B0F}.Debug|Any CPU.ActiveCfg = Debug|Any CPU
		{80F557D6-D901-42D1-B2BF-28BE284E7B0F}.Debug|Any CPU.Build.0 = Debug|Any CPU
		{80F557D6-D901-42D1-B2BF-28BE284E7B0F}.Release|Any CPU.ActiveCfg = Release|Any CPU
		{80F557D6-D901-42D1-B2BF-28BE284E7B0F}.Release|Any CPU.Build.0 = Release|Any CPU
		{464E33DC-5C18-4E9D-A310-3A048709D3E0}.Debug|Any CPU.ActiveCfg = Debug|Any CPU
		{464E33DC-5C18-4E9D-A310-3A048709D3E0}.Debug|Any CPU.Build.0 = Debug|Any CPU
		{464E33DC-5C18-4E9D-A310-3A048709D3E0}.Release|Any CPU.ActiveCfg = Release|Any CPU
		{464E33DC-5C18-4E9D-A310-3A048709D3E0}.Release|Any CPU.Build.0 = Release|Any CPU
		{A1FF8046-462E-4461-AB6A-E0E3D51E6DD2}.Debug|Any CPU.ActiveCfg = Debug|Any CPU
		{A1FF8046-462E-4461-AB6A-E0E3D51E6DD2}.Debug|Any CPU.Build.0 = Debug|Any CPU
		{A1FF8046-462E-4461-AB6A-E0E3D51E6DD2}.Release|Any CPU.ActiveCfg = Release|Any CPU
		{A1FF8046-462E-4461-AB6A-E0E3D51E6DD2}.Release|Any CPU.Build.0 = Release|Any CPU
		{D269290F-BCC4-4FB1-99B0-4D358E604CE8}.Debug|Any CPU.ActiveCfg = Debug|Any CPU
		{D269290F-BCC4-4FB1-99B0-4D358E604CE8}.Debug|Any CPU.Build.0 = Debug|Any CPU
		{D269290F-BCC4-4FB1-99B0-4D358E604CE8}.Release|Any CPU.ActiveCfg = Release|Any CPU
		{D269290F-BCC4-4FB1-99B0-4D358E604CE8}.Release|Any CPU.Build.0 = Release|Any CPU
		{C56B1DE5-3E69-48D5-A165-D4AC6FE1B279}.Debug|Any CPU.ActiveCfg = Debug|Any CPU
		{C56B1DE5-3E69-48D5-A165-D4AC6FE1B279}.Debug|Any CPU.Build.0 = Debug|Any CPU
		{C56B1DE5-3E69-48D5-A165-D4AC6FE1B279}.Release|Any CPU.ActiveCfg = Release|Any CPU
		{C56B1DE5-3E69-48D5-A165-D4AC6FE1B279}.Release|Any CPU.Build.0 = Release|Any CPU
		{D3A57AA8-59FE-455B-AE18-69A8C0356997}.Debug|Any CPU.ActiveCfg = Debug|Any CPU
		{D3A57AA8-59FE-455B-AE18-69A8C0356997}.Debug|Any CPU.Build.0 = Debug|Any CPU
		{D3A57AA8-59FE-455B-AE18-69A8C0356997}.Release|Any CPU.ActiveCfg = Release|Any CPU
		{D3A57AA8-59FE-455B-AE18-69A8C0356997}.Release|Any CPU.Build.0 = Release|Any CPU
		{26F3EE67-2351-4AB5-9A59-881381FFA550}.Debug|Any CPU.ActiveCfg = Debug|Any CPU
		{26F3EE67-2351-4AB5-9A59-881381FFA550}.Debug|Any CPU.Build.0 = Debug|Any CPU
		{26F3EE67-2351-4AB5-9A59-881381FFA550}.Release|Any CPU.ActiveCfg = Release|Any CPU
		{26F3EE67-2351-4AB5-9A59-881381FFA550}.Release|Any CPU.Build.0 = Release|Any CPU
		{8D852E12-B3A3-44C4-9C9E-BD8525C8B2E5}.Debug|Any CPU.ActiveCfg = Debug|Any CPU
		{8D852E12-B3A3-44C4-9C9E-BD8525C8B2E5}.Debug|Any CPU.Build.0 = Debug|Any CPU
		{8D852E12-B3A3-44C4-9C9E-BD8525C8B2E5}.Release|Any CPU.ActiveCfg = Release|Any CPU
		{8D852E12-B3A3-44C4-9C9E-BD8525C8B2E5}.Release|Any CPU.Build.0 = Release|Any CPU
		{58BEA4B1-CBB7-4A81-A385-E4E1CB36FA00}.Debug|Any CPU.ActiveCfg = Debug|Any CPU
		{58BEA4B1-CBB7-4A81-A385-E4E1CB36FA00}.Debug|Any CPU.Build.0 = Debug|Any CPU
		{58BEA4B1-CBB7-4A81-A385-E4E1CB36FA00}.Release|Any CPU.ActiveCfg = Release|Any CPU
		{58BEA4B1-CBB7-4A81-A385-E4E1CB36FA00}.Release|Any CPU.Build.0 = Release|Any CPU
		{ACC595EA-F564-439E-9B67-B946EB4C9977}.Debug|Any CPU.ActiveCfg = Debug|Any CPU
		{ACC595EA-F564-439E-9B67-B946EB4C9977}.Debug|Any CPU.Build.0 = Debug|Any CPU
		{ACC595EA-F564-439E-9B67-B946EB4C9977}.Release|Any CPU.ActiveCfg = Release|Any CPU
		{ACC595EA-F564-439E-9B67-B946EB4C9977}.Release|Any CPU.Build.0 = Release|Any CPU
		{0FCDFF35-6936-4450-96E7-C0A6C0CD3D3C}.Debug|Any CPU.ActiveCfg = Debug|Any CPU
		{0FCDFF35-6936-4450-96E7-C0A6C0CD3D3C}.Debug|Any CPU.Build.0 = Debug|Any CPU
		{0FCDFF35-6936-4450-96E7-C0A6C0CD3D3C}.Release|Any CPU.ActiveCfg = Release|Any CPU
		{0FCDFF35-6936-4450-96E7-C0A6C0CD3D3C}.Release|Any CPU.Build.0 = Release|Any CPU
		{2D3B9DF2-EF43-4969-8349-A5EC77BCC226}.Debug|Any CPU.ActiveCfg = Debug|Any CPU
		{2D3B9DF2-EF43-4969-8349-A5EC77BCC226}.Debug|Any CPU.Build.0 = Debug|Any CPU
		{2D3B9DF2-EF43-4969-8349-A5EC77BCC226}.Release|Any CPU.ActiveCfg = Release|Any CPU
		{2D3B9DF2-EF43-4969-8349-A5EC77BCC226}.Release|Any CPU.Build.0 = Release|Any CPU
	EndGlobalSection
	GlobalSection(NestedProjects) = preSolution
		{AF9EBC78-BCD3-42E7-9477-9E398DD192D0} = {B94285CE-73E8-4F56-BCBD-F359734ED5A3}
		{B15AE11F-B281-4B61-93C5-8C8EA8A2B29D} = {E0387F40-EB30-46D1-8858-F6AAC9E6AA48}
		{50C8E704-8DB3-4EE3-8386-F90FC65108EF} = {B15AE11F-B281-4B61-93C5-8C8EA8A2B29D}
		{3E634CF6-2B6F-4DD7-ADA1-60DD8B97245D} = {AF9EBC78-BCD3-42E7-9477-9E398DD192D0}
		{BDEFCC45-C911-4A92-BC85-AA3E5C8763FA} = {E0387F40-EB30-46D1-8858-F6AAC9E6AA48}
		{EB92FFA6-385C-4579-AFDA-E9227D27CA15} = {BDEFCC45-C911-4A92-BC85-AA3E5C8763FA}
		{64CE0018-FE33-4DD0-A00E-24FF36AEA850} = {EB92FFA6-385C-4579-AFDA-E9227D27CA15}
		{A749634E-6728-45F9-86D0-5219367BACD8} = {64CE0018-FE33-4DD0-A00E-24FF36AEA850}
		{CF8030C1-8B50-453A-83AC-B6813CF03A05} = {B94285CE-73E8-4F56-BCBD-F359734ED5A3}
		{B745778A-0A0A-4BA0-A183-53179454AD51} = {CF8030C1-8B50-453A-83AC-B6813CF03A05}
		{7D3DDA72-38DB-435C-A914-09E398A665DF} = {B745778A-0A0A-4BA0-A183-53179454AD51}
		{85B8A41D-3844-4B6B-97AC-2768BEC7B758} = {7D3DDA72-38DB-435C-A914-09E398A665DF}
		{2007B2F3-C131-4A21-A884-46840922FAD2} = {48983950-6EF6-4237-B1D5-58BB6EEB86C1}
		{E3D7D325-C338-4973-945B-279EE39FC3FC} = {2007B2F3-C131-4A21-A884-46840922FAD2}
		{7D453E37-F3F0-49F5-9F2D-DDD757A736AC} = {48983950-6EF6-4237-B1D5-58BB6EEB86C1}
		{B3EBC79A-CAC7-4FF0-A6D1-84D566E82798} = {7D453E37-F3F0-49F5-9F2D-DDD757A736AC}
		{6FAEBCD4-123E-4438-981B-8DFB895C5699} = {B3EBC79A-CAC7-4FF0-A6D1-84D566E82798}
		{377BB1AC-D57E-42B6-BE5F-6FC0AEEBE367} = {6FAEBCD4-123E-4438-981B-8DFB895C5699}
		{ACE283F7-B3F2-499C-9CD9-C285D1B3201D} = {48983950-6EF6-4237-B1D5-58BB6EEB86C1}
		{60BA05AC-9029-49A3-9788-3B688DDAB1B5} = {ACE283F7-B3F2-499C-9CD9-C285D1B3201D}
		{9CB6AE3F-F78E-4FD7-AE64-B8DB582B3CCE} = {ACE283F7-B3F2-499C-9CD9-C285D1B3201D}
		{D08BC864-9B01-4EEE-B0FB-0F92E5A7E6D9} = {7D453E37-F3F0-49F5-9F2D-DDD757A736AC}
		{55F1A402-70A0-4693-99A4-23EC9C1E5DA0} = {D08BC864-9B01-4EEE-B0FB-0F92E5A7E6D9}
		{4E1298E3-6D44-4E40-9A0F-EA4962DDB3D4} = {7D453E37-F3F0-49F5-9F2D-DDD757A736AC}
		{A9CEB138-BC7D-4E7F-BB36-A64FFCCA71DC} = {4E1298E3-6D44-4E40-9A0F-EA4962DDB3D4}
		{3F5FD598-2DB3-4B9E-A866-AD16E010E847} = {7D453E37-F3F0-49F5-9F2D-DDD757A736AC}
		{E0387F40-EB30-46D1-8858-F6AAC9E6AA48} = {FF98014D-E7A7-4469-A0EC-CBF9EE4AEABC}
		{B94285CE-73E8-4F56-BCBD-F359734ED5A3} = {FF98014D-E7A7-4469-A0EC-CBF9EE4AEABC}
		{48983950-6EF6-4237-B1D5-58BB6EEB86C1} = {FF98014D-E7A7-4469-A0EC-CBF9EE4AEABC}
		{06AAA3CE-4606-44C2-8B5D-2079427EAB08} = {FF98014D-E7A7-4469-A0EC-CBF9EE4AEABC}
		{DA84701B-4EDC-49CE-AC3A-6A3B0C35D1C7} = {06AAA3CE-4606-44C2-8B5D-2079427EAB08}
		{C34EA67D-2BF2-49F6-9405-4843889D73E8} = {BDEFCC45-C911-4A92-BC85-AA3E5C8763FA}
		{0AEB40FB-793C-4B3B-BEF8-916679F81A80} = {FF98014D-E7A7-4469-A0EC-CBF9EE4AEABC}
		{5C08F73B-2255-487A-A260-2E2746BD31CD} = {0AEB40FB-793C-4B3B-BEF8-916679F81A80}
		{06125562-7EF3-4C35-96D8-3CC1E4B12FE1} = {5C08F73B-2255-487A-A260-2E2746BD31CD}
		{289DC9B0-057A-4990-9F7C-C2D554897B00} = {0AEB40FB-793C-4B3B-BEF8-916679F81A80}
		{BCFA4F9F-C061-4F5E-9D1F-131C15581291} = {289DC9B0-057A-4990-9F7C-C2D554897B00}
		{5F0418CC-51C1-44F4-A87F-02F290456579} = {BCFA4F9F-C061-4F5E-9D1F-131C15581291}
		{2AFDBE70-699F-4D62-993F-A768CA4B9A08} = {5F0418CC-51C1-44F4-A87F-02F290456579}
		{7AD95F75-12BB-4FF4-B1A3-762D360271EB} = {FF98014D-E7A7-4469-A0EC-CBF9EE4AEABC}
		{7706C854-A9F9-402D-A52B-586DB7E6520B} = {7AD95F75-12BB-4FF4-B1A3-762D360271EB}
		{766F8275-681F-4E67-94A6-B5E67BC870E1} = {7AD95F75-12BB-4FF4-B1A3-762D360271EB}
		{A955D8C3-3153-4075-B8DF-5082B5DAEA31} = {7706C854-A9F9-402D-A52B-586DB7E6520B}
		{C3B2A417-155D-4AB0-9C30-D89E42D69648} = {766F8275-681F-4E67-94A6-B5E67BC870E1}
		{0E2F324C-D5BF-499E-8B5D-48BE61AFA71D} = {7AD95F75-12BB-4FF4-B1A3-762D360271EB}
		{539D3924-E31A-4B48-8F77-5DADD133DBC8} = {0E2F324C-D5BF-499E-8B5D-48BE61AFA71D}
		{CF23F9B1-8956-4D6B-9672-5FDD6A2DC467} = {539D3924-E31A-4B48-8F77-5DADD133DBC8}
		{77F0AECC-9D30-45EE-B589-4D05349F1135} = {CF23F9B1-8956-4D6B-9672-5FDD6A2DC467}
		{54CA7543-31DE-4B0D-A41F-44F663C1A391} = {FF98014D-E7A7-4469-A0EC-CBF9EE4AEABC}
		{D951945A-9F12-4D51-BDB8-07B5992D311A} = {54CA7543-31DE-4B0D-A41F-44F663C1A391}
		{458113AA-4648-4E76-A954-0759043AF704} = {D951945A-9F12-4D51-BDB8-07B5992D311A}
		{A1388E91-CC0E-4B4B-A65B-765408F22805} = {54CA7543-31DE-4B0D-A41F-44F663C1A391}
		{F691FDE7-9023-4038-9A79-5285C3E21769} = {A1388E91-CC0E-4B4B-A65B-765408F22805}
		{F1FFB1A0-127C-4A0F-901C-D8273A6599A3} = {F691FDE7-9023-4038-9A79-5285C3E21769}
		{3B6B1B84-3139-4C99-8BC7-B61F96DC180E} = {F1FFB1A0-127C-4A0F-901C-D8273A6599A3}
		{677C5B80-E55D-45B3-82AE-4BDFE7AB01F3} = {FF98014D-E7A7-4469-A0EC-CBF9EE4AEABC}
		{7D392963-3E6A-465C-B553-6E3680509903} = {677C5B80-E55D-45B3-82AE-4BDFE7AB01F3}
		{B3485699-881A-442F-8134-A5EC91398ABF} = {7D392963-3E6A-465C-B553-6E3680509903}
		{4841FD5D-4B33-4691-9D79-2212FC6110F5} = {677C5B80-E55D-45B3-82AE-4BDFE7AB01F3}
		{F420788A-1A84-487D-8881-AD9B56E3D755} = {4841FD5D-4B33-4691-9D79-2212FC6110F5}
		{2A3AA778-D2B6-4355-B1AB-61C196F2FBB3} = {F420788A-1A84-487D-8881-AD9B56E3D755}
		{9ACA31AF-0B05-4B8E-ADE4-FB1C5D1749DF} = {2A3AA778-D2B6-4355-B1AB-61C196F2FBB3}
		{853B09A9-1234-4F54-ADEF-623277E6F844} = {FF98014D-E7A7-4469-A0EC-CBF9EE4AEABC}
		{F8DBB18A-EAB0-4D8A-B731-372CEC2CA1C8} = {853B09A9-1234-4F54-ADEF-623277E6F844}
		{B3314FAD-25A4-41DE-B1F6-53C81882DA0B} = {F8DBB18A-EAB0-4D8A-B731-372CEC2CA1C8}
		{DB7C0578-BD6D-4797-A2DC-351846F27FA0} = {853B09A9-1234-4F54-ADEF-623277E6F844}
		{CD475439-1914-4E48-8098-54E9E210AA6B} = {DB7C0578-BD6D-4797-A2DC-351846F27FA0}
		{8B88939E-EA85-4576-9A4D-ADA8BF88B9F1} = {CD475439-1914-4E48-8098-54E9E210AA6B}
		{7B749D74-71E9-4284-B916-7A39D598A1DA} = {8B88939E-EA85-4576-9A4D-ADA8BF88B9F1}
		{AD45B29D-CE87-4E6A-BB05-2369F39711A4} = {FF98014D-E7A7-4469-A0EC-CBF9EE4AEABC}
		{D2F9E28C-F6AF-4844-8594-C29AEB2A9414} = {AD45B29D-CE87-4E6A-BB05-2369F39711A4}
		{CF9FE057-E9F5-4BAC-81E5-17B6E3F15C37} = {D2F9E28C-F6AF-4844-8594-C29AEB2A9414}
		{DE6B7341-1463-473E-A5EA-252D80F0A84D} = {AD45B29D-CE87-4E6A-BB05-2369F39711A4}
		{3170BE30-C96D-4E98-BFDB-EF5FC8F7189E} = {AD45B29D-CE87-4E6A-BB05-2369F39711A4}
		{0C3FD201-510E-4410-8DB5-3E43D0290CB9} = {3170BE30-C96D-4E98-BFDB-EF5FC8F7189E}
		{234C6873-B152-40E2-ACD7-FE0B1356ECEF} = {3170BE30-C96D-4E98-BFDB-EF5FC8F7189E}
		{34BA386B-9079-46E1-88CF-C56D82B41A07} = {DE6B7341-1463-473E-A5EA-252D80F0A84D}
		{C31ED5F9-336D-428F-8E62-6316D21BA466} = {34BA386B-9079-46E1-88CF-C56D82B41A07}
		{4072F4EC-E7BD-433C-950A-253987845C2D} = {C31ED5F9-336D-428F-8E62-6316D21BA466}
		{944E6204-7F3E-4F6B-BF60-400B0EC088DF} = {DE6B7341-1463-473E-A5EA-252D80F0A84D}
		{562BDCD7-4D61-49AD-B28B-BED5D3E5398F} = {DE6B7341-1463-473E-A5EA-252D80F0A84D}
		{5A6D4BC0-9A9B-44AE-A319-A431DCEF008F} = {562BDCD7-4D61-49AD-B28B-BED5D3E5398F}
		{7729EA02-C261-45E9-9035-13DCDD1EC8E4} = {944E6204-7F3E-4F6B-BF60-400B0EC088DF}
		{BC50B412-7C97-4A0C-A438-CD546AF6A567} = {DE6B7341-1463-473E-A5EA-252D80F0A84D}
		{6D218592-F2CD-43D2-9310-7D30A7CF2894} = {FF98014D-E7A7-4469-A0EC-CBF9EE4AEABC}
		{537B5752-8E52-408E-8214-326FF3878608} = {6D218592-F2CD-43D2-9310-7D30A7CF2894}
		{E1B69313-51AE-425D-B014-460D05372B31} = {537B5752-8E52-408E-8214-326FF3878608}
		{B848D5BC-A8B1-4A5B-A964-5E76D517B11F} = {6D218592-F2CD-43D2-9310-7D30A7CF2894}
		{7B789CE8-F9B9-46DA-807D-1255DA74584E} = {B848D5BC-A8B1-4A5B-A964-5E76D517B11F}
		{04462249-78E5-4910-8F40-BBC7B2C68709} = {7B789CE8-F9B9-46DA-807D-1255DA74584E}
		{2420CFB8-F7A6-4774-AB51-7EE3E58BD3EE} = {04462249-78E5-4910-8F40-BBC7B2C68709}
		{A9C6A2F8-B7CE-44A2-8F9F-F8CD251697F9} = {FF98014D-E7A7-4469-A0EC-CBF9EE4AEABC}
		{ECF1C3DC-CB4F-47DF-98EE-36461D801589} = {A9C6A2F8-B7CE-44A2-8F9F-F8CD251697F9}
		{A6D0033B-9369-4327-A4DC-CDF256856D41} = {ECF1C3DC-CB4F-47DF-98EE-36461D801589}
		{1ACDE052-DF0C-4CDC-B712-91456F972915} = {FF98014D-E7A7-4469-A0EC-CBF9EE4AEABC}
		{95E0D623-539F-4D75-9FA5-A04C755EC1A3} = {1ACDE052-DF0C-4CDC-B712-91456F972915}
		{54142114-ACE8-4AFF-8C82-2818D5BF6610} = {95E0D623-539F-4D75-9FA5-A04C755EC1A3}
		{32A7B5B6-BC5D-467A-99EE-6969951288D8} = {1ACDE052-DF0C-4CDC-B712-91456F972915}
		{A12C5DC7-8915-40E7-A7DC-F71FC2B0D53D} = {32A7B5B6-BC5D-467A-99EE-6969951288D8}
		{089FC00F-4902-4B0B-83AF-940AA5233E01} = {A12C5DC7-8915-40E7-A7DC-F71FC2B0D53D}
		{C327FA65-6CB0-45CD-98CB-20BAA13FD7E7} = {089FC00F-4902-4B0B-83AF-940AA5233E01}
		{35B67273-F98B-4C6A-B65D-D8155289088A} = {A9C6A2F8-B7CE-44A2-8F9F-F8CD251697F9}
		{1AB42549-6643-4834-A3E5-FE057D8DB30E} = {35B67273-F98B-4C6A-B65D-D8155289088A}
		{B074E030-1B04-4D3F-A8E7-45E5A148B9AE} = {1AB42549-6643-4834-A3E5-FE057D8DB30E}
		{9DFAC48C-07F2-42FC-8D5A-2BF60E735D24} = {B074E030-1B04-4D3F-A8E7-45E5A148B9AE}
		{E4CD32CD-21A7-457A-BA2D-C964DF5BF1D5} = {677C5B80-E55D-45B3-82AE-4BDFE7AB01F3}
		{80F557D6-D901-42D1-B2BF-28BE284E7B0F} = {E4CD32CD-21A7-457A-BA2D-C964DF5BF1D5}
		{464E33DC-5C18-4E9D-A310-3A048709D3E0} = {E4CD32CD-21A7-457A-BA2D-C964DF5BF1D5}
		{C3CC37E5-FACF-4C6B-BFE1-48D122A690EE} = {4841FD5D-4B33-4691-9D79-2212FC6110F5}
		{A1FF8046-462E-4461-AB6A-E0E3D51E6DD2} = {C3CC37E5-FACF-4C6B-BFE1-48D122A690EE}
		{4564CEB5-F51D-44B0-BCD5-E172ED0B4B2E} = {4841FD5D-4B33-4691-9D79-2212FC6110F5}
		{D269290F-BCC4-4FB1-99B0-4D358E604CE8} = {4564CEB5-F51D-44B0-BCD5-E172ED0B4B2E}
		{C56B1DE5-3E69-48D5-A165-D4AC6FE1B279} = {4841FD5D-4B33-4691-9D79-2212FC6110F5}
		{CFC3C412-C3F1-4833-8CD2-0B6CFCDD4727} = {FF98014D-E7A7-4469-A0EC-CBF9EE4AEABC}
		{71CF3968-3959-403F-A966-DC8240DB7583} = {CFC3C412-C3F1-4833-8CD2-0B6CFCDD4727}
		{D3A57AA8-59FE-455B-AE18-69A8C0356997} = {71CF3968-3959-403F-A966-DC8240DB7583}
		{29DB901D-B44C-454D-8F0F-6F24F8E550C7} = {CFC3C412-C3F1-4833-8CD2-0B6CFCDD4727}
		{A97EE1B6-3520-41AE-861A-CDF7E5A27322} = {29DB901D-B44C-454D-8F0F-6F24F8E550C7}
		{6495917E-098F-475E-9871-5840E9A99DD2} = {A97EE1B6-3520-41AE-861A-CDF7E5A27322}
		{26F3EE67-2351-4AB5-9A59-881381FFA550} = {6495917E-098F-475E-9871-5840E9A99DD2}
		{B96CF9E7-9408-424F-8CFD-9E942DE6355D} = {CFC3C412-C3F1-4833-8CD2-0B6CFCDD4727}
		{8D852E12-B3A3-44C4-9C9E-BD8525C8B2E5} = {B96CF9E7-9408-424F-8CFD-9E942DE6355D}
		{58BEA4B1-CBB7-4A81-A385-E4E1CB36FA00} = {B96CF9E7-9408-424F-8CFD-9E942DE6355D}
		{C224DC93-2B2D-4026-A4D4-DBE7E844181C} = {29DB901D-B44C-454D-8F0F-6F24F8E550C7}
		{ACC595EA-F564-439E-9B67-B946EB4C9977} = {C224DC93-2B2D-4026-A4D4-DBE7E844181C}
		{EEDDE3BE-F1CB-4F98-8CC6-6F5DDB646599} = {29DB901D-B44C-454D-8F0F-6F24F8E550C7}
		{0FCDFF35-6936-4450-96E7-C0A6C0CD3D3C} = {EEDDE3BE-F1CB-4F98-8CC6-6F5DDB646599}
		{2D3B9DF2-EF43-4969-8349-A5EC77BCC226} = {29DB901D-B44C-454D-8F0F-6F24F8E550C7}
	EndGlobalSection
EndGlobal
